// !$*UTF8*$!
{
	archiveVersion = 1;
	classes = {
	};
	objectVersion = 46;
	objects = {

/* Begin PBXBuildFile section */
		4C26DE2D1571A6420072A077 /* PersonalInformationFormViewController.m in Sources */ = {isa = PBXBuildFile; fileRef = 4C26DE2C1571A6420072A077 /* PersonalInformationFormViewController.m */; };
		4C26DE311571A8890072A077 /* UserProfile.m in Sources */ = {isa = PBXBuildFile; fileRef = 4C26DE301571A8890072A077 /* UserProfile.m */; };
		4C26DE331571AD370072A077 /* UserProfileForm.plist in Resources */ = {isa = PBXBuildFile; fileRef = 4C26DE321571AD370072A077 /* UserProfileForm.plist */; };
		4C26DE4915728AB80072A077 /* IRLabelFormFieldTests.m in Sources */ = {isa = PBXBuildFile; fileRef = 4C26DE4815728AB80072A077 /* IRLabelFormFieldTests.m */; };
		4C26DE5215728D3E0072A077 /* IRLabelFormFieldCellTests.m in Sources */ = {isa = PBXBuildFile; fileRef = 4C26DE5115728D3E0072A077 /* IRLabelFormFieldCellTests.m */; };
		4C26DE5C157296630072A077 /* IRTextFormFieldCellTests.m in Sources */ = {isa = PBXBuildFile; fileRef = 4C26DE5B157296630072A077 /* IRTextFormFieldCellTests.m */; };
		4C26DE6515729A160072A077 /* IRTextFormFieldTests.m in Sources */ = {isa = PBXBuildFile; fileRef = 4C26DE6415729A160072A077 /* IRTextFormFieldTests.m */; };
		4C35DA4215686056008A54FE /* IRFormViewControllerTests.m in Sources */ = {isa = PBXBuildFile; fileRef = 4C35DA4015686056008A54FE /* IRFormViewControllerTests.m */; };
		4C35DA4C15686271008A54FE /* IRFormTests.m in Sources */ = {isa = PBXBuildFile; fileRef = 4C35DA4B15686271008A54FE /* IRFormTests.m */; };
		4C35DA5415686310008A54FE /* IRFormSectionTests.m in Sources */ = {isa = PBXBuildFile; fileRef = 4C35DA5315686310008A54FE /* IRFormSectionTests.m */; };
		4C35DA5B1568786C008A54FE /* TestForm.plist in Resources */ = {isa = PBXBuildFile; fileRef = 4C35DA5A1568786C008A54FE /* TestForm.plist */; };
		4C35DA5D15687891008A54FE /* TestSection.plist in Resources */ = {isa = PBXBuildFile; fileRef = 4C35DA5C15687891008A54FE /* TestSection.plist */; };
		4C35DA6615693BB4008A54FE /* UIKit.framework in Frameworks */ = {isa = PBXBuildFile; fileRef = 4CDC9DDD1567FB860043AC98 /* UIKit.framework */; };
		4C35DA6715693BB4008A54FE /* Foundation.framework in Frameworks */ = {isa = PBXBuildFile; fileRef = 4CDC9DCA1567FB350043AC98 /* Foundation.framework */; };
		4C35DA6815693BB4008A54FE /* CoreGraphics.framework in Frameworks */ = {isa = PBXBuildFile; fileRef = 4CDC9DE01567FB860043AC98 /* CoreGraphics.framework */; };
		4C35DA6E15693BB4008A54FE /* InfoPlist.strings in Resources */ = {isa = PBXBuildFile; fileRef = 4C35DA6C15693BB4008A54FE /* InfoPlist.strings */; };
		4C35DA7015693BB4008A54FE /* main.m in Sources */ = {isa = PBXBuildFile; fileRef = 4C35DA6F15693BB4008A54FE /* main.m */; };
		4C35DA7415693BB4008A54FE /* AppDelegate.m in Sources */ = {isa = PBXBuildFile; fileRef = 4C35DA7315693BB4008A54FE /* AppDelegate.m */; };
		4C35DA7C15693DCB008A54FE /* MainStoryboard_iPhone.storyboard in Resources */ = {isa = PBXBuildFile; fileRef = 4C35DA7B15693DCB008A54FE /* MainStoryboard_iPhone.storyboard */; };
		4C35DA7E15693DDE008A54FE /* MainStoryboard_iPad.storyboard in Resources */ = {isa = PBXBuildFile; fileRef = 4C35DA7D15693DDE008A54FE /* MainStoryboard_iPad.storyboard */; };
		4C35DA8F15696299008A54FE /* libOCMock.a in Frameworks */ = {isa = PBXBuildFile; fileRef = 4C35DA8E15696299008A54FE /* libOCMock.a */; };
		4C6C1DB51583E85F0035BEA7 /* IRFormFieldDelegate.h in Headers */ = {isa = PBXBuildFile; fileRef = 4C6C1DB31583E0990035BEA7 /* IRFormFieldDelegate.h */; settings = {ATTRIBUTES = (Public, ); }; };
		4C6C1DB71583EADA0035BEA7 /* IRFormDelegate.h in Headers */ = {isa = PBXBuildFile; fileRef = 4C6C1DB61583EADA0035BEA7 /* IRFormDelegate.h */; settings = {ATTRIBUTES = (Public, ); }; };
		4CCDE2DE157A6629005CB018 /* Foundation.framework in Frameworks */ = {isa = PBXBuildFile; fileRef = 4CDC9DCA1567FB350043AC98 /* Foundation.framework */; };
		4CCDE2E4157A6629005CB018 /* InfoPlist.strings in Resources */ = {isa = PBXBuildFile; fileRef = 4CCDE2E2157A6629005CB018 /* InfoPlist.strings */; };
		4CCDE337157A77FB005CB018 /* IRForms.framework in Frameworks */ = {isa = PBXBuildFile; fileRef = 4CCDE2DD157A6629005CB018 /* IRForms.framework */; };
		4CCDE351157B9C23005CB018 /* IRDateFormField.h in Headers */ = {isa = PBXBuildFile; fileRef = 4CCDE338157B9C22005CB018 /* IRDateFormField.h */; settings = {ATTRIBUTES = (Public, ); }; };
		4CCDE352157B9C23005CB018 /* IRDateFormField.m in Sources */ = {isa = PBXBuildFile; fileRef = 4CCDE339157B9C22005CB018 /* IRDateFormField.m */; };
		4CCDE353157B9C23005CB018 /* IRForm.h in Headers */ = {isa = PBXBuildFile; fileRef = 4CCDE33A157B9C22005CB018 /* IRForm.h */; settings = {ATTRIBUTES = (Public, ); }; };
		4CCDE354157B9C23005CB018 /* IRForm.m in Sources */ = {isa = PBXBuildFile; fileRef = 4CCDE33B157B9C22005CB018 /* IRForm.m */; };
		4CCDE355157B9C23005CB018 /* IRFormField.h in Headers */ = {isa = PBXBuildFile; fileRef = 4CCDE33C157B9C22005CB018 /* IRFormField.h */; settings = {ATTRIBUTES = (Public, ); }; };
		4CCDE356157B9C23005CB018 /* IRFormField.m in Sources */ = {isa = PBXBuildFile; fileRef = 4CCDE33D157B9C22005CB018 /* IRFormField.m */; };
		4CCDE357157B9C23005CB018 /* IRFormFieldCell.h in Headers */ = {isa = PBXBuildFile; fileRef = 4CCDE33E157B9C22005CB018 /* IRFormFieldCell.h */; settings = {ATTRIBUTES = (Public, ); }; };
		4CCDE358157B9C23005CB018 /* IRFormFieldCell.m in Sources */ = {isa = PBXBuildFile; fileRef = 4CCDE33F157B9C22005CB018 /* IRFormFieldCell.m */; };
		4CCDE359157B9C23005CB018 /* IRForms.h in Headers */ = {isa = PBXBuildFile; fileRef = 4CCDE340157B9C22005CB018 /* IRForms.h */; settings = {ATTRIBUTES = (Public, ); }; };
		4CCDE35A157B9C23005CB018 /* IRFormSection.h in Headers */ = {isa = PBXBuildFile; fileRef = 4CCDE341157B9C23005CB018 /* IRFormSection.h */; settings = {ATTRIBUTES = (Public, ); }; };
		4CCDE35B157B9C23005CB018 /* IRFormSection.m in Sources */ = {isa = PBXBuildFile; fileRef = 4CCDE342157B9C23005CB018 /* IRFormSection.m */; };
		4CCDE35C157B9C23005CB018 /* IRFormViewController.h in Headers */ = {isa = PBXBuildFile; fileRef = 4CCDE343157B9C23005CB018 /* IRFormViewController.h */; settings = {ATTRIBUTES = (Public, ); }; };
		4CCDE35D157B9C23005CB018 /* IRFormViewController.m in Sources */ = {isa = PBXBuildFile; fileRef = 4CCDE344157B9C23005CB018 /* IRFormViewController.m */; };
		4CCDE35E157B9C23005CB018 /* IRLabelFormField.h in Headers */ = {isa = PBXBuildFile; fileRef = 4CCDE345157B9C23005CB018 /* IRLabelFormField.h */; settings = {ATTRIBUTES = (Public, ); }; };
		4CCDE35F157B9C23005CB018 /* IRLabelFormField.m in Sources */ = {isa = PBXBuildFile; fileRef = 4CCDE346157B9C23005CB018 /* IRLabelFormField.m */; };
		4CCDE360157B9C23005CB018 /* IRLabelFormFieldCell.h in Headers */ = {isa = PBXBuildFile; fileRef = 4CCDE347157B9C23005CB018 /* IRLabelFormFieldCell.h */; settings = {ATTRIBUTES = (Public, ); }; };
		4CCDE361157B9C23005CB018 /* IRLabelFormFieldCell.m in Sources */ = {isa = PBXBuildFile; fileRef = 4CCDE348157B9C23005CB018 /* IRLabelFormFieldCell.m */; };
		4CCDE362157B9C23005CB018 /* IRNumberFormField.h in Headers */ = {isa = PBXBuildFile; fileRef = 4CCDE349157B9C23005CB018 /* IRNumberFormField.h */; settings = {ATTRIBUTES = (Public, ); }; };
		4CCDE363157B9C23005CB018 /* IRNumberFormField.m in Sources */ = {isa = PBXBuildFile; fileRef = 4CCDE34A157B9C23005CB018 /* IRNumberFormField.m */; };
		4CCDE364157B9C23005CB018 /* IRPickerFormField.h in Headers */ = {isa = PBXBuildFile; fileRef = 4CCDE34B157B9C23005CB018 /* IRPickerFormField.h */; settings = {ATTRIBUTES = (Public, ); }; };
		4CCDE365157B9C23005CB018 /* IRPickerFormField.m in Sources */ = {isa = PBXBuildFile; fileRef = 4CCDE34C157B9C23005CB018 /* IRPickerFormField.m */; };
		4CCDE366157B9C23005CB018 /* IRTextFormField.h in Headers */ = {isa = PBXBuildFile; fileRef = 4CCDE34D157B9C23005CB018 /* IRTextFormField.h */; settings = {ATTRIBUTES = (Public, ); }; };
		4CCDE367157B9C23005CB018 /* IRTextFormField.m in Sources */ = {isa = PBXBuildFile; fileRef = 4CCDE34E157B9C23005CB018 /* IRTextFormField.m */; };
		4CCDE368157B9C23005CB018 /* IRTextFormFieldCell.h in Headers */ = {isa = PBXBuildFile; fileRef = 4CCDE34F157B9C23005CB018 /* IRTextFormFieldCell.h */; settings = {ATTRIBUTES = (Public, ); }; };
		4CCDE369157B9C23005CB018 /* IRTextFormFieldCell.m in Sources */ = {isa = PBXBuildFile; fileRef = 4CCDE350157B9C23005CB018 /* IRTextFormFieldCell.m */; };
		4CCDE36B157B9D6A005CB018 /* IRDateFormField.m in Sources */ = {isa = PBXBuildFile; fileRef = 4CCDE339157B9C22005CB018 /* IRDateFormField.m */; };
		4CCDE36C157B9D6F005CB018 /* IRForm.m in Sources */ = {isa = PBXBuildFile; fileRef = 4CCDE33B157B9C22005CB018 /* IRForm.m */; };
		4CCDE36D157B9D73005CB018 /* IRFormField.m in Sources */ = {isa = PBXBuildFile; fileRef = 4CCDE33D157B9C22005CB018 /* IRFormField.m */; };
		4CCDE370157B9D7C005CB018 /* IRFormFieldCell.m in Sources */ = {isa = PBXBuildFile; fileRef = 4CCDE33F157B9C22005CB018 /* IRFormFieldCell.m */; };
		4CCDE371157B9D82005CB018 /* IRFormSection.m in Sources */ = {isa = PBXBuildFile; fileRef = 4CCDE342157B9C23005CB018 /* IRFormSection.m */; };
		4CCDE372157B9D88005CB018 /* IRFormViewController.m in Sources */ = {isa = PBXBuildFile; fileRef = 4CCDE344157B9C23005CB018 /* IRFormViewController.m */; };
		4CCDE373157B9D8C005CB018 /* IRLabelFormField.m in Sources */ = {isa = PBXBuildFile; fileRef = 4CCDE346157B9C23005CB018 /* IRLabelFormField.m */; };
		4CCDE375157B9D93005CB018 /* IRLabelFormFieldCell.m in Sources */ = {isa = PBXBuildFile; fileRef = 4CCDE348157B9C23005CB018 /* IRLabelFormFieldCell.m */; };
		4CCDE376157B9D97005CB018 /* IRNumberFormField.m in Sources */ = {isa = PBXBuildFile; fileRef = 4CCDE34A157B9C23005CB018 /* IRNumberFormField.m */; };
		4CCDE377157B9D9C005CB018 /* IRPickerFormField.m in Sources */ = {isa = PBXBuildFile; fileRef = 4CCDE34C157B9C23005CB018 /* IRPickerFormField.m */; };
		4CCDE378157B9DA2005CB018 /* IRTextFormField.m in Sources */ = {isa = PBXBuildFile; fileRef = 4CCDE34E157B9C23005CB018 /* IRTextFormField.m */; };
		4CCDE37A157B9DAA005CB018 /* IRTextFormFieldCell.m in Sources */ = {isa = PBXBuildFile; fileRef = 4CCDE350157B9C23005CB018 /* IRTextFormFieldCell.m */; };
		4CDC9DDE1567FB860043AC98 /* UIKit.framework in Frameworks */ = {isa = PBXBuildFile; fileRef = 4CDC9DDD1567FB860043AC98 /* UIKit.framework */; };
		4CDC9DDF1567FB860043AC98 /* Foundation.framework in Frameworks */ = {isa = PBXBuildFile; fileRef = 4CDC9DCA1567FB350043AC98 /* Foundation.framework */; };
		4CDC9DE11567FB860043AC98 /* CoreGraphics.framework in Frameworks */ = {isa = PBXBuildFile; fileRef = 4CDC9DE01567FB860043AC98 /* CoreGraphics.framework */; };
		4CDC9DE71567FB860043AC98 /* InfoPlist.strings in Resources */ = {isa = PBXBuildFile; fileRef = 4CDC9DE51567FB860043AC98 /* InfoPlist.strings */; };
		4CDC9DE91567FB860043AC98 /* main.m in Sources */ = {isa = PBXBuildFile; fileRef = 4CDC9DE81567FB860043AC98 /* main.m */; };
		4CDC9DF21567FBEE0043AC98 /* GHUnitIOS.framework in Frameworks */ = {isa = PBXBuildFile; fileRef = 4CDC9DF11567FBEE0043AC98 /* GHUnitIOS.framework */; };
		4CDC9DF515683E4E0043AC98 /* IRFormFieldTests.m in Sources */ = {isa = PBXBuildFile; fileRef = 4CDC9DF415683E4E0043AC98 /* IRFormFieldTests.m */; };
		4CDC9DFE1568461D0043AC98 /* TestField.plist in Resources */ = {isa = PBXBuildFile; fileRef = 4CDC9DFD1568461D0043AC98 /* TestField.plist */; };
/* End PBXBuildFile section */

/* Begin PBXFileReference section */
		4C26DE2B1571A6420072A077 /* PersonalInformationFormViewController.h */ = {isa = PBXFileReference; fileEncoding = 4; lastKnownFileType = sourcecode.c.h; path = PersonalInformationFormViewController.h; sourceTree = "<group>"; };
		4C26DE2C1571A6420072A077 /* PersonalInformationFormViewController.m */ = {isa = PBXFileReference; fileEncoding = 4; lastKnownFileType = sourcecode.c.objc; path = PersonalInformationFormViewController.m; sourceTree = "<group>"; };
		4C26DE2F1571A8890072A077 /* UserProfile.h */ = {isa = PBXFileReference; fileEncoding = 4; lastKnownFileType = sourcecode.c.h; path = UserProfile.h; sourceTree = "<group>"; };
		4C26DE301571A8890072A077 /* UserProfile.m */ = {isa = PBXFileReference; fileEncoding = 4; lastKnownFileType = sourcecode.c.objc; path = UserProfile.m; sourceTree = "<group>"; };
		4C26DE321571AD370072A077 /* UserProfileForm.plist */ = {isa = PBXFileReference; fileEncoding = 4; lastKnownFileType = text.plist.xml; path = UserProfileForm.plist; sourceTree = "<group>"; };
		4C26DE4815728AB80072A077 /* IRLabelFormFieldTests.m */ = {isa = PBXFileReference; fileEncoding = 4; lastKnownFileType = sourcecode.c.objc; path = IRLabelFormFieldTests.m; sourceTree = "<group>"; };
		4C26DE5115728D3E0072A077 /* IRLabelFormFieldCellTests.m */ = {isa = PBXFileReference; fileEncoding = 4; lastKnownFileType = sourcecode.c.objc; path = IRLabelFormFieldCellTests.m; sourceTree = "<group>"; };
		4C26DE5B157296630072A077 /* IRTextFormFieldCellTests.m */ = {isa = PBXFileReference; fileEncoding = 4; lastKnownFileType = sourcecode.c.objc; path = IRTextFormFieldCellTests.m; sourceTree = "<group>"; };
		4C26DE6415729A160072A077 /* IRTextFormFieldTests.m */ = {isa = PBXFileReference; fileEncoding = 4; lastKnownFileType = sourcecode.c.objc; path = IRTextFormFieldTests.m; sourceTree = "<group>"; };
		4C35DA4015686056008A54FE /* IRFormViewControllerTests.m */ = {isa = PBXFileReference; fileEncoding = 4; lastKnownFileType = sourcecode.c.objc; path = IRFormViewControllerTests.m; sourceTree = "<group>"; };
		4C35DA4B15686271008A54FE /* IRFormTests.m */ = {isa = PBXFileReference; fileEncoding = 4; lastKnownFileType = sourcecode.c.objc; path = IRFormTests.m; sourceTree = "<group>"; };
		4C35DA5315686310008A54FE /* IRFormSectionTests.m */ = {isa = PBXFileReference; fileEncoding = 4; lastKnownFileType = sourcecode.c.objc; path = IRFormSectionTests.m; sourceTree = "<group>"; };
		4C35DA5A1568786C008A54FE /* TestForm.plist */ = {isa = PBXFileReference; fileEncoding = 4; lastKnownFileType = text.plist.xml; path = TestForm.plist; sourceTree = "<group>"; };
		4C35DA5C15687891008A54FE /* TestSection.plist */ = {isa = PBXFileReference; fileEncoding = 4; lastKnownFileType = text.plist.xml; path = TestSection.plist; sourceTree = "<group>"; };
		4C35DA6415693BB3008A54FE /* FormsSample.app */ = {isa = PBXFileReference; explicitFileType = wrapper.application; includeInIndex = 0; path = FormsSample.app; sourceTree = BUILT_PRODUCTS_DIR; };
		4C35DA6B15693BB4008A54FE /* FormsSample-Info.plist */ = {isa = PBXFileReference; lastKnownFileType = text.plist.xml; path = "FormsSample-Info.plist"; sourceTree = "<group>"; };
		4C35DA6D15693BB4008A54FE /* en */ = {isa = PBXFileReference; lastKnownFileType = text.plist.strings; name = en; path = en.lproj/InfoPlist.strings; sourceTree = "<group>"; };
		4C35DA6F15693BB4008A54FE /* main.m */ = {isa = PBXFileReference; lastKnownFileType = sourcecode.c.objc; path = main.m; sourceTree = "<group>"; };
		4C35DA7115693BB4008A54FE /* FormsSample-Prefix.pch */ = {isa = PBXFileReference; lastKnownFileType = sourcecode.c.h; path = "FormsSample-Prefix.pch"; sourceTree = "<group>"; };
		4C35DA7215693BB4008A54FE /* AppDelegate.h */ = {isa = PBXFileReference; lastKnownFileType = sourcecode.c.h; path = AppDelegate.h; sourceTree = "<group>"; };
		4C35DA7315693BB4008A54FE /* AppDelegate.m */ = {isa = PBXFileReference; lastKnownFileType = sourcecode.c.objc; path = AppDelegate.m; sourceTree = "<group>"; };
		4C35DA7B15693DCB008A54FE /* MainStoryboard_iPhone.storyboard */ = {isa = PBXFileReference; fileEncoding = 4; lastKnownFileType = file.storyboard; path = MainStoryboard_iPhone.storyboard; sourceTree = "<group>"; };
		4C35DA7D15693DDE008A54FE /* MainStoryboard_iPad.storyboard */ = {isa = PBXFileReference; fileEncoding = 4; lastKnownFileType = file.storyboard; path = MainStoryboard_iPad.storyboard; sourceTree = "<group>"; };
		4C35DA8E15696299008A54FE /* libOCMock.a */ = {isa = PBXFileReference; lastKnownFileType = archive.ar; name = libOCMock.a; path = ../../lib/OCMock/libOCMock.a; sourceTree = "<group>"; };
		4C6C1DB31583E0990035BEA7 /* IRFormFieldDelegate.h */ = {isa = PBXFileReference; lastKnownFileType = sourcecode.c.h; path = IRFormFieldDelegate.h; sourceTree = "<group>"; };
		4C6C1DB61583EADA0035BEA7 /* IRFormDelegate.h */ = {isa = PBXFileReference; fileEncoding = 4; lastKnownFileType = sourcecode.c.h; path = IRFormDelegate.h; sourceTree = "<group>"; };
		4CCDE2DD157A6629005CB018 /* IRForms.framework */ = {isa = PBXFileReference; explicitFileType = wrapper.framework.static; includeInIndex = 0; path = IRForms.framework; sourceTree = BUILT_PRODUCTS_DIR; };
		4CCDE2E1157A6629005CB018 /* IRForms-Info.plist */ = {isa = PBXFileReference; lastKnownFileType = text.plist.xml; path = "IRForms-Info.plist"; sourceTree = "<group>"; };
		4CCDE2E3157A6629005CB018 /* en */ = {isa = PBXFileReference; lastKnownFileType = text.plist.strings; name = en; path = en.lproj/InfoPlist.strings; sourceTree = "<group>"; };
		4CCDE2E5157A6629005CB018 /* IRForms-Prefix.pch */ = {isa = PBXFileReference; lastKnownFileType = sourcecode.c.h; path = "IRForms-Prefix.pch"; sourceTree = "<group>"; };
		4CCDE338157B9C22005CB018 /* IRDateFormField.h */ = {isa = PBXFileReference; fileEncoding = 4; lastKnownFileType = sourcecode.c.h; path = IRDateFormField.h; sourceTree = "<group>"; };
		4CCDE339157B9C22005CB018 /* IRDateFormField.m */ = {isa = PBXFileReference; fileEncoding = 4; lastKnownFileType = sourcecode.c.objc; path = IRDateFormField.m; sourceTree = "<group>"; };
		4CCDE33A157B9C22005CB018 /* IRForm.h */ = {isa = PBXFileReference; fileEncoding = 4; lastKnownFileType = sourcecode.c.h; path = IRForm.h; sourceTree = "<group>"; };
		4CCDE33B157B9C22005CB018 /* IRForm.m */ = {isa = PBXFileReference; fileEncoding = 4; lastKnownFileType = sourcecode.c.objc; path = IRForm.m; sourceTree = "<group>"; };
		4CCDE33C157B9C22005CB018 /* IRFormField.h */ = {isa = PBXFileReference; fileEncoding = 4; lastKnownFileType = sourcecode.c.h; path = IRFormField.h; sourceTree = "<group>"; };
		4CCDE33D157B9C22005CB018 /* IRFormField.m */ = {isa = PBXFileReference; fileEncoding = 4; lastKnownFileType = sourcecode.c.objc; path = IRFormField.m; sourceTree = "<group>"; };
		4CCDE33E157B9C22005CB018 /* IRFormFieldCell.h */ = {isa = PBXFileReference; fileEncoding = 4; lastKnownFileType = sourcecode.c.h; path = IRFormFieldCell.h; sourceTree = "<group>"; };
		4CCDE33F157B9C22005CB018 /* IRFormFieldCell.m */ = {isa = PBXFileReference; fileEncoding = 4; lastKnownFileType = sourcecode.c.objc; path = IRFormFieldCell.m; sourceTree = "<group>"; };
		4CCDE340157B9C22005CB018 /* IRForms.h */ = {isa = PBXFileReference; fileEncoding = 4; lastKnownFileType = sourcecode.c.h; path = IRForms.h; sourceTree = "<group>"; };
		4CCDE341157B9C23005CB018 /* IRFormSection.h */ = {isa = PBXFileReference; fileEncoding = 4; lastKnownFileType = sourcecode.c.h; path = IRFormSection.h; sourceTree = "<group>"; };
		4CCDE342157B9C23005CB018 /* IRFormSection.m */ = {isa = PBXFileReference; fileEncoding = 4; lastKnownFileType = sourcecode.c.objc; path = IRFormSection.m; sourceTree = "<group>"; };
		4CCDE343157B9C23005CB018 /* IRFormViewController.h */ = {isa = PBXFileReference; fileEncoding = 4; lastKnownFileType = sourcecode.c.h; path = IRFormViewController.h; sourceTree = "<group>"; };
		4CCDE344157B9C23005CB018 /* IRFormViewController.m */ = {isa = PBXFileReference; fileEncoding = 4; lastKnownFileType = sourcecode.c.objc; path = IRFormViewController.m; sourceTree = "<group>"; };
		4CCDE345157B9C23005CB018 /* IRLabelFormField.h */ = {isa = PBXFileReference; fileEncoding = 4; lastKnownFileType = sourcecode.c.h; path = IRLabelFormField.h; sourceTree = "<group>"; };
		4CCDE346157B9C23005CB018 /* IRLabelFormField.m */ = {isa = PBXFileReference; fileEncoding = 4; lastKnownFileType = sourcecode.c.objc; path = IRLabelFormField.m; sourceTree = "<group>"; };
		4CCDE347157B9C23005CB018 /* IRLabelFormFieldCell.h */ = {isa = PBXFileReference; fileEncoding = 4; lastKnownFileType = sourcecode.c.h; path = IRLabelFormFieldCell.h; sourceTree = "<group>"; };
		4CCDE348157B9C23005CB018 /* IRLabelFormFieldCell.m */ = {isa = PBXFileReference; fileEncoding = 4; lastKnownFileType = sourcecode.c.objc; path = IRLabelFormFieldCell.m; sourceTree = "<group>"; };
		4CCDE349157B9C23005CB018 /* IRNumberFormField.h */ = {isa = PBXFileReference; fileEncoding = 4; lastKnownFileType = sourcecode.c.h; path = IRNumberFormField.h; sourceTree = "<group>"; };
		4CCDE34A157B9C23005CB018 /* IRNumberFormField.m */ = {isa = PBXFileReference; fileEncoding = 4; lastKnownFileType = sourcecode.c.objc; path = IRNumberFormField.m; sourceTree = "<group>"; };
		4CCDE34B157B9C23005CB018 /* IRPickerFormField.h */ = {isa = PBXFileReference; fileEncoding = 4; lastKnownFileType = sourcecode.c.h; path = IRPickerFormField.h; sourceTree = "<group>"; };
		4CCDE34C157B9C23005CB018 /* IRPickerFormField.m */ = {isa = PBXFileReference; fileEncoding = 4; lastKnownFileType = sourcecode.c.objc; path = IRPickerFormField.m; sourceTree = "<group>"; };
		4CCDE34D157B9C23005CB018 /* IRTextFormField.h */ = {isa = PBXFileReference; fileEncoding = 4; lastKnownFileType = sourcecode.c.h; path = IRTextFormField.h; sourceTree = "<group>"; };
		4CCDE34E157B9C23005CB018 /* IRTextFormField.m */ = {isa = PBXFileReference; fileEncoding = 4; lastKnownFileType = sourcecode.c.objc; path = IRTextFormField.m; sourceTree = "<group>"; };
		4CCDE34F157B9C23005CB018 /* IRTextFormFieldCell.h */ = {isa = PBXFileReference; fileEncoding = 4; lastKnownFileType = sourcecode.c.h; path = IRTextFormFieldCell.h; sourceTree = "<group>"; };
		4CCDE350157B9C23005CB018 /* IRTextFormFieldCell.m */ = {isa = PBXFileReference; fileEncoding = 4; lastKnownFileType = sourcecode.c.objc; path = IRTextFormFieldCell.m; sourceTree = "<group>"; };
		4CCDE37B157B9DFD005CB018 /* IRFormField_Private.h */ = {isa = PBXFileReference; lastKnownFileType = sourcecode.c.h; path = IRFormField_Private.h; sourceTree = "<group>"; };
		4CDC9DCA1567FB350043AC98 /* Foundation.framework */ = {isa = PBXFileReference; lastKnownFileType = wrapper.framework; name = Foundation.framework; path = System/Library/Frameworks/Foundation.framework; sourceTree = SDKROOT; };
		4CDC9DDB1567FB860043AC98 /* ios-forms-unit-tests.app */ = {isa = PBXFileReference; explicitFileType = wrapper.application; includeInIndex = 0; path = "ios-forms-unit-tests.app"; sourceTree = BUILT_PRODUCTS_DIR; };
		4CDC9DDD1567FB860043AC98 /* UIKit.framework */ = {isa = PBXFileReference; lastKnownFileType = wrapper.framework; name = UIKit.framework; path = System/Library/Frameworks/UIKit.framework; sourceTree = SDKROOT; };
		4CDC9DE01567FB860043AC98 /* CoreGraphics.framework */ = {isa = PBXFileReference; lastKnownFileType = wrapper.framework; name = CoreGraphics.framework; path = System/Library/Frameworks/CoreGraphics.framework; sourceTree = SDKROOT; };
		4CDC9DE41567FB860043AC98 /* ios-forms-unit-tests-Info.plist */ = {isa = PBXFileReference; lastKnownFileType = text.plist.xml; path = "ios-forms-unit-tests-Info.plist"; sourceTree = "<group>"; };
		4CDC9DE61567FB860043AC98 /* en */ = {isa = PBXFileReference; lastKnownFileType = text.plist.strings; name = en; path = en.lproj/InfoPlist.strings; sourceTree = "<group>"; };
		4CDC9DE81567FB860043AC98 /* main.m */ = {isa = PBXFileReference; lastKnownFileType = sourcecode.c.objc; path = main.m; sourceTree = "<group>"; };
		4CDC9DEA1567FB860043AC98 /* ios-forms-unit-tests-Prefix.pch */ = {isa = PBXFileReference; lastKnownFileType = sourcecode.c.h; path = "ios-forms-unit-tests-Prefix.pch"; sourceTree = "<group>"; };
		4CDC9DF11567FBEE0043AC98 /* GHUnitIOS.framework */ = {isa = PBXFileReference; lastKnownFileType = wrapper.framework; name = GHUnitIOS.framework; path = ../../lib/GHUnitIOS.framework; sourceTree = "<group>"; };
		4CDC9DF415683E4E0043AC98 /* IRFormFieldTests.m */ = {isa = PBXFileReference; fileEncoding = 4; lastKnownFileType = sourcecode.c.objc; path = IRFormFieldTests.m; sourceTree = "<group>"; };
		4CDC9DFD1568461D0043AC98 /* TestField.plist */ = {isa = PBXFileReference; fileEncoding = 4; lastKnownFileType = text.plist.xml; path = TestField.plist; sourceTree = "<group>"; };
/* End PBXFileReference section */

/* Begin PBXFrameworksBuildPhase section */
		4C35DA6115693BB3008A54FE /* Frameworks */ = {
			isa = PBXFrameworksBuildPhase;
			buildActionMask = 2147483647;
			files = (
				4C35DA6615693BB4008A54FE /* UIKit.framework in Frameworks */,
				4C35DA6715693BB4008A54FE /* Foundation.framework in Frameworks */,
				4C35DA6815693BB4008A54FE /* CoreGraphics.framework in Frameworks */,
				4CCDE337157A77FB005CB018 /* IRForms.framework in Frameworks */,
			);
			runOnlyForDeploymentPostprocessing = 0;
		};
		4CCDE2D7157A6629005CB018 /* Frameworks */ = {
			isa = PBXFrameworksBuildPhase;
			buildActionMask = 2147483647;
			files = (
				4CCDE2DE157A6629005CB018 /* Foundation.framework in Frameworks */,
			);
			runOnlyForDeploymentPostprocessing = 0;
		};
		4CDC9DD81567FB860043AC98 /* Frameworks */ = {
			isa = PBXFrameworksBuildPhase;
			buildActionMask = 2147483647;
			files = (
				4CDC9DDE1567FB860043AC98 /* UIKit.framework in Frameworks */,
				4CDC9DDF1567FB860043AC98 /* Foundation.framework in Frameworks */,
				4CDC9DE11567FB860043AC98 /* CoreGraphics.framework in Frameworks */,
				4CDC9DF21567FBEE0043AC98 /* GHUnitIOS.framework in Frameworks */,
				4C35DA8F15696299008A54FE /* libOCMock.a in Frameworks */,
			);
			runOnlyForDeploymentPostprocessing = 0;
		};
/* End PBXFrameworksBuildPhase section */

/* Begin PBXGroup section */
		4C35DA6915693BB4008A54FE /* FormsSample */ = {
			isa = PBXGroup;
			children = (
				4C35DA7A15693D84008A54FE /* iPhone */,
				4C35DA7915693D7D008A54FE /* iPad */,
				4C35DA7215693BB4008A54FE /* AppDelegate.h */,
				4C35DA7315693BB4008A54FE /* AppDelegate.m */,
				4C35DA6A15693BB4008A54FE /* Supporting Files */,
				4C26DE2B1571A6420072A077 /* PersonalInformationFormViewController.h */,
				4C26DE2C1571A6420072A077 /* PersonalInformationFormViewController.m */,
				4C26DE2F1571A8890072A077 /* UserProfile.h */,
				4C26DE301571A8890072A077 /* UserProfile.m */,
				4C26DE321571AD370072A077 /* UserProfileForm.plist */,
			);
			path = FormsSample;
			sourceTree = "<group>";
		};
		4C35DA6A15693BB4008A54FE /* Supporting Files */ = {
			isa = PBXGroup;
			children = (
				4C35DA6B15693BB4008A54FE /* FormsSample-Info.plist */,
				4C35DA6C15693BB4008A54FE /* InfoPlist.strings */,
				4C35DA6F15693BB4008A54FE /* main.m */,
				4C35DA7115693BB4008A54FE /* FormsSample-Prefix.pch */,
			);
			name = "Supporting Files";
			sourceTree = "<group>";
		};
		4C35DA7915693D7D008A54FE /* iPad */ = {
			isa = PBXGroup;
			children = (
				4C35DA7D15693DDE008A54FE /* MainStoryboard_iPad.storyboard */,
			);
			path = iPad;
			sourceTree = "<group>";
		};
		4C35DA7A15693D84008A54FE /* iPhone */ = {
			isa = PBXGroup;
			children = (
				4C35DA7B15693DCB008A54FE /* MainStoryboard_iPhone.storyboard */,
			);
			path = iPhone;
			sourceTree = "<group>";
		};
		4CCDE2DF157A6629005CB018 /* IRForms */ = {
			isa = PBXGroup;
			children = (
				4CCDE338157B9C22005CB018 /* IRDateFormField.h */,
				4CCDE339157B9C22005CB018 /* IRDateFormField.m */,
				4CCDE33A157B9C22005CB018 /* IRForm.h */,
				4CCDE33B157B9C22005CB018 /* IRForm.m */,
				4CCDE33C157B9C22005CB018 /* IRFormField.h */,
				4CCDE33D157B9C22005CB018 /* IRFormField.m */,
				4CCDE33E157B9C22005CB018 /* IRFormFieldCell.h */,
				4CCDE33F157B9C22005CB018 /* IRFormFieldCell.m */,
				4CCDE340157B9C22005CB018 /* IRForms.h */,
				4CCDE341157B9C23005CB018 /* IRFormSection.h */,
				4CCDE342157B9C23005CB018 /* IRFormSection.m */,
				4CCDE343157B9C23005CB018 /* IRFormViewController.h */,
				4CCDE344157B9C23005CB018 /* IRFormViewController.m */,
				4CCDE345157B9C23005CB018 /* IRLabelFormField.h */,
				4CCDE346157B9C23005CB018 /* IRLabelFormField.m */,
				4CCDE347157B9C23005CB018 /* IRLabelFormFieldCell.h */,
				4CCDE348157B9C23005CB018 /* IRLabelFormFieldCell.m */,
				4CCDE349157B9C23005CB018 /* IRNumberFormField.h */,
				4CCDE34A157B9C23005CB018 /* IRNumberFormField.m */,
				4CCDE34B157B9C23005CB018 /* IRPickerFormField.h */,
				4CCDE34C157B9C23005CB018 /* IRPickerFormField.m */,
				4CCDE34D157B9C23005CB018 /* IRTextFormField.h */,
				4CCDE34E157B9C23005CB018 /* IRTextFormField.m */,
				4CCDE34F157B9C23005CB018 /* IRTextFormFieldCell.h */,
				4CCDE350157B9C23005CB018 /* IRTextFormFieldCell.m */,
				4CCDE2E0157A6629005CB018 /* Supporting Files */,
				4CCDE37B157B9DFD005CB018 /* IRFormField_Private.h */,
				4C6C1DB31583E0990035BEA7 /* IRFormFieldDelegate.h */,
				4C6C1DB61583EADA0035BEA7 /* IRFormDelegate.h */,
			);
			path = IRForms;
			sourceTree = "<group>";
		};
		4CCDE2E0157A6629005CB018 /* Supporting Files */ = {
			isa = PBXGroup;
			children = (
				4CCDE2E1157A6629005CB018 /* IRForms-Info.plist */,
				4CCDE2E2157A6629005CB018 /* InfoPlist.strings */,
				4CCDE2E5157A6629005CB018 /* IRForms-Prefix.pch */,
			);
			name = "Supporting Files";
			sourceTree = "<group>";
		};
		4CDC9DBC1567FB350043AC98 = {
			isa = PBXGroup;
			children = (
				4CDC9DE21567FB860043AC98 /* ios-forms-unit-tests */,
				4C35DA6915693BB4008A54FE /* FormsSample */,
				4CCDE2DF157A6629005CB018 /* IRForms */,
				4CDC9DC91567FB350043AC98 /* Frameworks */,
				4CDC9DC81567FB350043AC98 /* Products */,
			);
			sourceTree = "<group>";
		};
		4CDC9DC81567FB350043AC98 /* Products */ = {
			isa = PBXGroup;
			children = (
				4CDC9DDB1567FB860043AC98 /* ios-forms-unit-tests.app */,
				4C35DA6415693BB3008A54FE /* FormsSample.app */,
				4CCDE2DD157A6629005CB018 /* IRForms.framework */,
			);
			name = Products;
			sourceTree = "<group>";
		};
		4CDC9DC91567FB350043AC98 /* Frameworks */ = {
			isa = PBXGroup;
			children = (
				4C35DA8E15696299008A54FE /* libOCMock.a */,
				4CDC9DF11567FBEE0043AC98 /* GHUnitIOS.framework */,
				4CDC9DCA1567FB350043AC98 /* Foundation.framework */,
				4CDC9DDD1567FB860043AC98 /* UIKit.framework */,
				4CDC9DE01567FB860043AC98 /* CoreGraphics.framework */,
			);
			name = Frameworks;
			sourceTree = "<group>";
		};
		4CDC9DE21567FB860043AC98 /* ios-forms-unit-tests */ = {
			isa = PBXGroup;
			children = (
				4CDC9DE31567FB860043AC98 /* Supporting Files */,
				4CDC9DF415683E4E0043AC98 /* IRFormFieldTests.m */,
				4CDC9DFD1568461D0043AC98 /* TestField.plist */,
				4C35DA4015686056008A54FE /* IRFormViewControllerTests.m */,
				4C35DA4B15686271008A54FE /* IRFormTests.m */,
				4C35DA5315686310008A54FE /* IRFormSectionTests.m */,
				4C35DA5A1568786C008A54FE /* TestForm.plist */,
				4C35DA5C15687891008A54FE /* TestSection.plist */,
				4C26DE4815728AB80072A077 /* IRLabelFormFieldTests.m */,
				4C26DE5115728D3E0072A077 /* IRLabelFormFieldCellTests.m */,
				4C26DE5B157296630072A077 /* IRTextFormFieldCellTests.m */,
				4C26DE6415729A160072A077 /* IRTextFormFieldTests.m */,
			);
			path = "ios-forms-unit-tests";
			sourceTree = "<group>";
		};
		4CDC9DE31567FB860043AC98 /* Supporting Files */ = {
			isa = PBXGroup;
			children = (
				4CDC9DE41567FB860043AC98 /* ios-forms-unit-tests-Info.plist */,
				4CDC9DE51567FB860043AC98 /* InfoPlist.strings */,
				4CDC9DE81567FB860043AC98 /* main.m */,
				4CDC9DEA1567FB860043AC98 /* ios-forms-unit-tests-Prefix.pch */,
			);
			name = "Supporting Files";
			sourceTree = "<group>";
		};
/* End PBXGroup section */

/* Begin PBXHeadersBuildPhase section */
		4CCDE2D8157A6629005CB018 /* Headers */ = {
			isa = PBXHeadersBuildPhase;
			buildActionMask = 2147483647;
			files = (
				4CCDE351157B9C23005CB018 /* IRDateFormField.h in Headers */,
				4CCDE353157B9C23005CB018 /* IRForm.h in Headers */,
				4CCDE355157B9C23005CB018 /* IRFormField.h in Headers */,
				4CCDE357157B9C23005CB018 /* IRFormFieldCell.h in Headers */,
				4CCDE359157B9C23005CB018 /* IRForms.h in Headers */,
				4CCDE35A157B9C23005CB018 /* IRFormSection.h in Headers */,
				4CCDE35C157B9C23005CB018 /* IRFormViewController.h in Headers */,
				4CCDE35E157B9C23005CB018 /* IRLabelFormField.h in Headers */,
				4CCDE360157B9C23005CB018 /* IRLabelFormFieldCell.h in Headers */,
				4CCDE362157B9C23005CB018 /* IRNumberFormField.h in Headers */,
				4CCDE364157B9C23005CB018 /* IRPickerFormField.h in Headers */,
				4CCDE366157B9C23005CB018 /* IRTextFormField.h in Headers */,
				4CCDE368157B9C23005CB018 /* IRTextFormFieldCell.h in Headers */,
				4C6C1DB51583E85F0035BEA7 /* IRFormFieldDelegate.h in Headers */,
				4C6C1DB71583EADA0035BEA7 /* IRFormDelegate.h in Headers */,
			);
			runOnlyForDeploymentPostprocessing = 0;
		};
/* End PBXHeadersBuildPhase section */

/* Begin PBXNativeTarget section */
		4C35DA6315693BB3008A54FE /* FormsSample */ = {
			isa = PBXNativeTarget;
			buildConfigurationList = 4C35DA7515693BB4008A54FE /* Build configuration list for PBXNativeTarget "FormsSample" */;
			buildPhases = (
				4C35DA6015693BB3008A54FE /* Sources */,
				4C35DA6115693BB3008A54FE /* Frameworks */,
				4C35DA6215693BB3008A54FE /* Resources */,
			);
			buildRules = (
			);
			dependencies = (
			);
			name = FormsSample;
			productName = FormsSample;
			productReference = 4C35DA6415693BB3008A54FE /* FormsSample.app */;
			productType = "com.apple.product-type.application";
		};
		4CCDE2DC157A6629005CB018 /* IRForms */ = {
			isa = PBXNativeTarget;
			buildConfigurationList = 4CCDE2E8157A6629005CB018 /* Build configuration list for PBXNativeTarget "IRForms" */;
			buildPhases = (
				4CCDE2D5157A6629005CB018 /* ShellScript */,
				4CCDE2D6157A6629005CB018 /* Sources */,
				4CCDE2D7157A6629005CB018 /* Frameworks */,
				4CCDE2D8157A6629005CB018 /* Headers */,
				4CCDE2D9157A6629005CB018 /* Resources */,
				4CCDE2DA157A6629005CB018 /* ShellScript */,
				4CCDE2DB157A6629005CB018 /* ShellScript */,
			);
			buildRules = (
			);
			dependencies = (
			);
			name = IRForms;
			productName = IRForms;
			productReference = 4CCDE2DD157A6629005CB018 /* IRForms.framework */;
			productType = "com.apple.product-type.framework.static";
		};
		4CDC9DDA1567FB860043AC98 /* ios-forms-unit-tests */ = {
			isa = PBXNativeTarget;
			buildConfigurationList = 4CDC9DEE1567FB860043AC98 /* Build configuration list for PBXNativeTarget "ios-forms-unit-tests" */;
			buildPhases = (
				4CDC9DD71567FB860043AC98 /* Sources */,
				4CDC9DD81567FB860043AC98 /* Frameworks */,
				4CDC9DD91567FB860043AC98 /* Resources */,
			);
			buildRules = (
			);
			dependencies = (
			);
			name = "ios-forms-unit-tests";
			productName = "ios-forms-unit-tests";
			productReference = 4CDC9DDB1567FB860043AC98 /* ios-forms-unit-tests.app */;
			productType = "com.apple.product-type.application";
		};
/* End PBXNativeTarget section */

/* Begin PBXProject section */
		4CDC9DBE1567FB350043AC98 /* Project object */ = {
			isa = PBXProject;
			attributes = {
				LastUpgradeCheck = 0430;
				ORGANIZATIONNAME = "ImaginaryRealities, LLC";
			};
			buildConfigurationList = 4CDC9DC11567FB350043AC98 /* Build configuration list for PBXProject "ios-forms" */;
			compatibilityVersion = "Xcode 3.2";
			developmentRegion = English;
			hasScannedForEncodings = 0;
			knownRegions = (
				en,
			);
			mainGroup = 4CDC9DBC1567FB350043AC98;
			productRefGroup = 4CDC9DC81567FB350043AC98 /* Products */;
			projectDirPath = "";
			projectRoot = "";
			targets = (
				4CDC9DDA1567FB860043AC98 /* ios-forms-unit-tests */,
				4C35DA6315693BB3008A54FE /* FormsSample */,
				4CCDE2DC157A6629005CB018 /* IRForms */,
			);
		};
/* End PBXProject section */

/* Begin PBXResourcesBuildPhase section */
		4C35DA6215693BB3008A54FE /* Resources */ = {
			isa = PBXResourcesBuildPhase;
			buildActionMask = 2147483647;
			files = (
				4C35DA6E15693BB4008A54FE /* InfoPlist.strings in Resources */,
				4C35DA7C15693DCB008A54FE /* MainStoryboard_iPhone.storyboard in Resources */,
				4C35DA7E15693DDE008A54FE /* MainStoryboard_iPad.storyboard in Resources */,
				4C26DE331571AD370072A077 /* UserProfileForm.plist in Resources */,
			);
			runOnlyForDeploymentPostprocessing = 0;
		};
		4CCDE2D9157A6629005CB018 /* Resources */ = {
			isa = PBXResourcesBuildPhase;
			buildActionMask = 2147483647;
			files = (
				4CCDE2E4157A6629005CB018 /* InfoPlist.strings in Resources */,
			);
			runOnlyForDeploymentPostprocessing = 0;
		};
		4CDC9DD91567FB860043AC98 /* Resources */ = {
			isa = PBXResourcesBuildPhase;
			buildActionMask = 2147483647;
			files = (
				4CDC9DE71567FB860043AC98 /* InfoPlist.strings in Resources */,
				4CDC9DFE1568461D0043AC98 /* TestField.plist in Resources */,
				4C35DA5B1568786C008A54FE /* TestForm.plist in Resources */,
				4C35DA5D15687891008A54FE /* TestSection.plist in Resources */,
			);
			runOnlyForDeploymentPostprocessing = 0;
		};
/* End PBXResourcesBuildPhase section */

/* Begin PBXShellScriptBuildPhase section */
		4CCDE2D5157A6629005CB018 /* ShellScript */ = {
			isa = PBXShellScriptBuildPhase;
			buildActionMask = 2147483647;
			files = (
			);
			inputPaths = (
			);
			outputPaths = (
			);
			runOnlyForDeploymentPostprocessing = 0;
			shellPath = /bin/sh;
			shellScript = "set -e\n\nset +u\nif [[ $UFW_MASTER_SCRIPT_RUNNING ]]\nthen\n    # Nothing for the slave script to do\n    exit 0\nfi\nset -u\n\nif [[ \"$SDK_NAME\" =~ ([A-Za-z]+) ]]\nthen\n    UFW_SDK_PLATFORM=${BASH_REMATCH[1]}\nelse\n    echo \"Could not find platform name from SDK_NAME: $SDK_NAME\"\n    exit 1\nfi\n\nif [[ \"$SDK_NAME\" =~ ([0-9]+.*$) ]]\nthen\n\tUFW_SDK_VERSION=${BASH_REMATCH[1]}\nelse\n    echo \"Could not find sdk version  from SDK_NAME: $SDK_NAME\"\n    exit 1\nfi\n\nif [[ \"$UFW_SDK_PLATFORM\" = \"iphoneos\" ]]\nthen\n    UFW_OTHER_PLATFORM=iphonesimulator\nelse\n    UFW_OTHER_PLATFORM=iphoneos\nfi\n\nif [[ \"$BUILT_PRODUCTS_DIR\" =~ (.*)$UFW_SDK_PLATFORM$ ]]\nthen\n    UFW_OTHER_BUILT_PRODUCTS_DIR=\"${BASH_REMATCH[1]}${UFW_OTHER_PLATFORM}\"\nelse\n    echo \"Could not find $UFW_SDK_PLATFORM in $BUILT_PRODUCTS_DIR\"\n    exit 1\nfi\n\nONLY_ACTIVE_PLATFORM=${ONLY_ACTIVE_PLATFORM:-$ONLY_ACTIVE_ARCH}\n\n# Short-circuit if all binaries are up to date\n\nif [[ -f \"${BUILT_PRODUCTS_DIR}/${EXECUTABLE_PATH}\" ]] && \\\n   [[ -f \"${BUILT_PRODUCTS_DIR}/${PRODUCT_NAME}.embeddedframework/${EXECUTABLE_PATH}\" ]] && \\\n   [[ ! \"${BUILT_PRODUCTS_DIR}/${EXECUTABLE_PATH}\" -nt \"${BUILT_PRODUCTS_DIR}/${PRODUCT_NAME}.embeddedframework/${EXECUTABLE_PATH}\" ]] && \\\n  ([[ \"${ONLY_ACTIVE_PLATFORM}\" == \"YES\" ]] || \\\n    ([[ -f \"${UFW_OTHER_BUILT_PRODUCTS_DIR}/${EXECUTABLE_PATH}\" ]] && \\\n     [[ -f \"${UFW_OTHER_BUILT_PRODUCTS_DIR}/${PRODUCT_NAME}.embeddedframework/${EXECUTABLE_PATH}\" ]] && \\\n     [[ ! \"${UFW_OTHER_BUILT_PRODUCTS_DIR}/${EXECUTABLE_PATH}\" -nt \"${UFW_OTHER_BUILT_PRODUCTS_DIR}/${PRODUCT_NAME}.embeddedframework/${EXECUTABLE_PATH}\" ]]\n    )\n  )\nthen\n    exit 0\nfi\n\n\n# Clean other platform if needed\n\nif [[ ! -f \"${BUILT_PRODUCTS_DIR}/${EXECUTABLE_PATH}\" ]] && [[ \"${ONLY_ACTIVE_PLATFORM}\" != \"YES\" ]]\nthen\n\techo \"Platform \\\"$UFW_SDK_PLATFORM\\\" was cleaned recently. Cleaning \\\"$UFW_OTHER_PLATFORM\\\" as well\"\n\techo xcodebuild -project \"${PROJECT_FILE_PATH}\" -target \"${TARGET_NAME}\" -configuration \"${CONFIGURATION}\" -sdk ${UFW_OTHER_PLATFORM}${UFW_SDK_VERSION} BUILD_DIR=\"${BUILD_DIR}\" CONFIGURATION_TEMP_DIR=\"${PROJECT_TEMP_DIR}/${CONFIGURATION}-${UFW_OTHER_PLATFORM}\" clean\n\txcodebuild -project \"${PROJECT_FILE_PATH}\" -target \"${TARGET_NAME}\" -configuration \"${CONFIGURATION}\" -sdk ${UFW_OTHER_PLATFORM}${UFW_SDK_VERSION} BUILD_DIR=\"${BUILD_DIR}\" CONFIGURATION_TEMP_DIR=\"${PROJECT_TEMP_DIR}/${CONFIGURATION}-${UFW_OTHER_PLATFORM}\" clean\nfi\n\n\n# Make sure we are building from fresh binaries\n\nrm -rf \"${BUILT_PRODUCTS_DIR}/${EXECUTABLE_PATH}\"\nrm -rf \"${BUILT_PRODUCTS_DIR}/${PRODUCT_NAME}.embeddedframework\"\n\nif [[ \"${ONLY_ACTIVE_PLATFORM}\" != \"YES\" ]]\nthen\n    rm -rf \"${UFW_OTHER_BUILT_PRODUCTS_DIR}/${EXECUTABLE_PATH}\"\n    rm -rf \"${UFW_OTHER_BUILT_PRODUCTS_DIR}/${PRODUCT_NAME}.embeddedframework\"\nfi\n";
		};
		4CCDE2DA157A6629005CB018 /* ShellScript */ = {
			isa = PBXShellScriptBuildPhase;
			buildActionMask = 2147483647;
			files = (
			);
			inputPaths = (
			);
			outputPaths = (
			);
			runOnlyForDeploymentPostprocessing = 0;
			shellPath = /bin/sh;
			shellScript = "HEADERS_ROOT=$SRCROOT/$PRODUCT_NAME\nFRAMEWORK_HEADERS_DIR=\"$BUILT_PRODUCTS_DIR/$WRAPPER_NAME/Versions/$FRAMEWORK_VERSION/Headers\"\n\n## only header files expected at this point\nPUBLIC_HEADERS=$(find $FRAMEWORK_HEADERS_DIR/. -not -type d 2> /dev/null | sed -e \"s@.*/@@g\")\n\nFIND_OPTS=\"\"\nfor PUBLIC_HEADER in $PUBLIC_HEADERS; do\n  if [ -n \"$FIND_OPTS\" ]; then\n    FIND_OPTS=\"$FIND_OPTS -o\"\n  fi\n  FIND_OPTS=\"$FIND_OPTS -name '$PUBLIC_HEADER'\"\ndone\n\nif [ -n \"$FIND_OPTS\" ]; then\n  for ORIG_HEADER in $(eval \"find $HEADERS_ROOT/. $FIND_OPTS\" 2> /dev/null | sed -e \"s@^$HEADERS_ROOT/./@@g\"); do\n    PUBLIC_HEADER=$(basename $ORIG_HEADER)\n    RELATIVE_PATH=$(dirname $ORIG_HEADER)\n    if [ -e $FRAMEWORK_HEADERS_DIR/$PUBLIC_HEADER ]; then\n      mkdir -p \"$FRAMEWORK_HEADERS_DIR/$RELATIVE_PATH\"\n      mv \"$FRAMEWORK_HEADERS_DIR/$PUBLIC_HEADER\" \"$FRAMEWORK_HEADERS_DIR/$RELATIVE_PATH/$PUBLIC_HEADER\"\n    fi\n  done\nfi\n";
		};
		4CCDE2DB157A6629005CB018 /* ShellScript */ = {
			isa = PBXShellScriptBuildPhase;
			buildActionMask = 2147483647;
			files = (
			);
			inputPaths = (
			);
			outputPaths = (
			);
			runOnlyForDeploymentPostprocessing = 0;
			shellPath = /bin/sh;
			shellScript = "set -e\n\nset +u\nif [[ $UFW_MASTER_SCRIPT_RUNNING ]]\nthen\n    # Nothing for the slave script to do\n    exit 0\nfi\nset -u\nexport UFW_MASTER_SCRIPT_RUNNING=1\n\n\n# Functions\n\n## List files in the specified directory, storing to the specified array.\n#\n# @param $1 The path to list\n# @param $2 The name of the array to fill\n#\n##\nlist_files ()\n{\n    filelist=$(ls \"$1\")\n    while read line\n    do\n        eval \"$2[\\${#$2[*]}]=\\\"\\$line\\\"\"\n    done <<< \"$filelist\"\n}\n\n\n# Sanity check\n\nif [[ ! -f \"${BUILT_PRODUCTS_DIR}/${EXECUTABLE_PATH}\" ]]\nthen\n    echo \"Framework target \\\"${TARGET_NAME}\\\" had no source files to build from. Make sure your source files have the correct target membership\"\n    exit 1\nfi\n\n\n# Gather information\n\nif [[ \"$SDK_NAME\" =~ ([A-Za-z]+) ]]\nthen\n    UFW_SDK_PLATFORM=${BASH_REMATCH[1]}\nelse\n    echo \"Could not find platform name from SDK_NAME: $SDK_NAME\"\n    exit 1\nfi\n\nif [[ \"$SDK_NAME\" =~ ([0-9]+.*$) ]]\nthen\n    UFW_SDK_VERSION=${BASH_REMATCH[1]}\nelse\n    echo \"Could not find sdk version from SDK_NAME: $SDK_NAME\"\n    exit 1\nfi\n\nif [[ \"$UFW_SDK_PLATFORM\" = \"iphoneos\" ]]\nthen\n    UFW_OTHER_PLATFORM=iphonesimulator\nelse\n    UFW_OTHER_PLATFORM=iphoneos\nfi\n\nif [[ \"$BUILT_PRODUCTS_DIR\" =~ (.*)$UFW_SDK_PLATFORM$ ]]\nthen\n    UFW_OTHER_BUILT_PRODUCTS_DIR=\"${BASH_REMATCH[1]}${UFW_OTHER_PLATFORM}\"\nelse\n    echo \"Could not find $UFW_SDK_PLATFORM in $BUILT_PRODUCTS_DIR\"\n    exit 1\nfi\n\nONLY_ACTIVE_PLATFORM=${ONLY_ACTIVE_PLATFORM:-$ONLY_ACTIVE_ARCH}\n\n# Short-circuit if all binaries are up to date.\n# We already checked the other platform in the prerun script.\n\nif [[ -f \"${BUILT_PRODUCTS_DIR}/${EXECUTABLE_PATH}\" ]] && [[ -f \"${BUILT_PRODUCTS_DIR}/${PRODUCT_NAME}.embeddedframework/${EXECUTABLE_PATH}\" ]] && [[ ! \"${BUILT_PRODUCTS_DIR}/${EXECUTABLE_PATH}\" -nt \"${BUILT_PRODUCTS_DIR}/${PRODUCT_NAME}.embeddedframework/${EXECUTABLE_PATH}\" ]]\nthen\n    exit 0\nfi\n\nif [ \"${ONLY_ACTIVE_PLATFORM}\" == \"YES\" ]\nthen\n    echo \"ONLY_ACTIVE_PLATFORM=${ONLY_ACTIVE_PLATFORM}: Skipping other platform build\"\nelse\n    # Make sure the other platform gets built\n    \n    echo \"Build other platform\"\n    \n    echo xcodebuild -project \"${PROJECT_FILE_PATH}\" -target \"${TARGET_NAME}\" -configuration \"${CONFIGURATION}\" -sdk ${UFW_OTHER_PLATFORM}${UFW_SDK_VERSION} BUILD_DIR=\"${BUILD_DIR}\" CONFIGURATION_TEMP_DIR=\"${PROJECT_TEMP_DIR}/${CONFIGURATION}-${UFW_OTHER_PLATFORM}\" $ACTION\n    xcodebuild -project \"${PROJECT_FILE_PATH}\" -target \"${TARGET_NAME}\" -configuration \"${CONFIGURATION}\" -sdk ${UFW_OTHER_PLATFORM}${UFW_SDK_VERSION} BUILD_DIR=\"${BUILD_DIR}\" CONFIGURATION_TEMP_DIR=\"${PROJECT_TEMP_DIR}/${CONFIGURATION}-${UFW_OTHER_PLATFORM}\" $ACTION\n    \n    \n    # Build the fat static library binary\n    \n    echo \"Create universal static library\"\n    \n    echo \"$PLATFORM_DEVELOPER_BIN_DIR/libtool\" -static \"${BUILT_PRODUCTS_DIR}/${EXECUTABLE_PATH}\" \"${UFW_OTHER_BUILT_PRODUCTS_DIR}/${EXECUTABLE_PATH}\" -o \"${BUILT_PRODUCTS_DIR}/${EXECUTABLE_PATH}.temp\"\n    \"$PLATFORM_DEVELOPER_BIN_DIR/libtool\" -static \"${BUILT_PRODUCTS_DIR}/${EXECUTABLE_PATH}\" \"${UFW_OTHER_BUILT_PRODUCTS_DIR}/${EXECUTABLE_PATH}\" -o \"${BUILT_PRODUCTS_DIR}/${EXECUTABLE_PATH}.temp\"\n    \n    echo mv \"${BUILT_PRODUCTS_DIR}/${EXECUTABLE_PATH}.temp\" \"${BUILT_PRODUCTS_DIR}/${EXECUTABLE_PATH}\"\n    mv \"${BUILT_PRODUCTS_DIR}/${EXECUTABLE_PATH}.temp\" \"${BUILT_PRODUCTS_DIR}/${EXECUTABLE_PATH}\"\nfi\n\n# Build embedded framework structure\n\necho \"Build Embedded Framework\"\n\necho rm -rf \"${BUILT_PRODUCTS_DIR}/${PRODUCT_NAME}.embeddedframework\"\nrm -rf \"${BUILT_PRODUCTS_DIR}/${PRODUCT_NAME}.embeddedframework\"\necho mkdir -p \"${BUILT_PRODUCTS_DIR}/${PRODUCT_NAME}.embeddedframework/Resources\"\nmkdir -p \"${BUILT_PRODUCTS_DIR}/${PRODUCT_NAME}.embeddedframework/Resources\"\necho cp -a \"${BUILT_PRODUCTS_DIR}/${WRAPPER_NAME}\" \"${BUILT_PRODUCTS_DIR}/${PRODUCT_NAME}.embeddedframework/\"\ncp -a \"${BUILT_PRODUCTS_DIR}/${WRAPPER_NAME}\" \"${BUILT_PRODUCTS_DIR}/${PRODUCT_NAME}.embeddedframework/\"\n\ndeclare -a UFW_FILE_LIST\nlist_files \"${BUILT_PRODUCTS_DIR}/${UNLOCALIZED_RESOURCES_FOLDER_PATH}\" UFW_FILE_LIST\nfor filename in \"${UFW_FILE_LIST[@]}\"\ndo\n    if [[ \"${filename}\" != \"Info.plist\" ]] && [[ ! \"${filename}\" =~ .*\\.lproj$ ]]\n    then\n        echo ln -sfh \"../${WRAPPER_NAME}/Resources/${filename}\" \"${BUILT_PRODUCTS_DIR}/${PRODUCT_NAME}.embeddedframework/Resources/${filename}\"\n        ln -sfh \"../${WRAPPER_NAME}/Resources/${filename}\" \"${BUILT_PRODUCTS_DIR}/${PRODUCT_NAME}.embeddedframework/Resources/${filename}\"\n    fi\ndone\n\n\nif [ \"${ONLY_ACTIVE_PLATFORM}\" != \"YES\" ]\nthen\n    # Replace other platform's framework with a copy of this one (so that both have the same universal binary)\n    \n    echo \"Copy from $UFW_SDK_PLATFORM to $UFW_OTHER_PLATFORM\"\n    \n    echo rm -rf \"${BUILD_DIR}/${CONFIGURATION}-${UFW_OTHER_PLATFORM}\"\n    rm -rf \"${BUILD_DIR}/${CONFIGURATION}-${UFW_OTHER_PLATFORM}\"\n    echo cp -a \"${BUILD_DIR}/${CONFIGURATION}-${UFW_SDK_PLATFORM}\" \"${BUILD_DIR}/${CONFIGURATION}-${UFW_OTHER_PLATFORM}\"\n    cp -a \"${BUILD_DIR}/${CONFIGURATION}-${UFW_SDK_PLATFORM}\" \"${BUILD_DIR}/${CONFIGURATION}-${UFW_OTHER_PLATFORM}\"\nfi\n";
		};
/* End PBXShellScriptBuildPhase section */

/* Begin PBXSourcesBuildPhase section */
		4C35DA6015693BB3008A54FE /* Sources */ = {
			isa = PBXSourcesBuildPhase;
			buildActionMask = 2147483647;
			files = (
				4C35DA7015693BB4008A54FE /* main.m in Sources */,
				4C35DA7415693BB4008A54FE /* AppDelegate.m in Sources */,
				4C26DE2D1571A6420072A077 /* PersonalInformationFormViewController.m in Sources */,
				4C26DE311571A8890072A077 /* UserProfile.m in Sources */,
			);
			runOnlyForDeploymentPostprocessing = 0;
		};
		4CCDE2D6157A6629005CB018 /* Sources */ = {
			isa = PBXSourcesBuildPhase;
			buildActionMask = 2147483647;
			files = (
				4CCDE352157B9C23005CB018 /* IRDateFormField.m in Sources */,
				4CCDE354157B9C23005CB018 /* IRForm.m in Sources */,
				4CCDE356157B9C23005CB018 /* IRFormField.m in Sources */,
				4CCDE358157B9C23005CB018 /* IRFormFieldCell.m in Sources */,
				4CCDE35B157B9C23005CB018 /* IRFormSection.m in Sources */,
				4CCDE35D157B9C23005CB018 /* IRFormViewController.m in Sources */,
				4CCDE35F157B9C23005CB018 /* IRLabelFormField.m in Sources */,
				4CCDE361157B9C23005CB018 /* IRLabelFormFieldCell.m in Sources */,
				4CCDE363157B9C23005CB018 /* IRNumberFormField.m in Sources */,
				4CCDE365157B9C23005CB018 /* IRPickerFormField.m in Sources */,
				4CCDE367157B9C23005CB018 /* IRTextFormField.m in Sources */,
				4CCDE369157B9C23005CB018 /* IRTextFormFieldCell.m in Sources */,
			);
			runOnlyForDeploymentPostprocessing = 0;
		};
		4CDC9DD71567FB860043AC98 /* Sources */ = {
			isa = PBXSourcesBuildPhase;
			buildActionMask = 2147483647;
			files = (
				4CDC9DE91567FB860043AC98 /* main.m in Sources */,
				4CDC9DF515683E4E0043AC98 /* IRFormFieldTests.m in Sources */,
				4C35DA4215686056008A54FE /* IRFormViewControllerTests.m in Sources */,
				4C35DA4C15686271008A54FE /* IRFormTests.m in Sources */,
				4C35DA5415686310008A54FE /* IRFormSectionTests.m in Sources */,
				4C26DE4915728AB80072A077 /* IRLabelFormFieldTests.m in Sources */,
				4C26DE5215728D3E0072A077 /* IRLabelFormFieldCellTests.m in Sources */,
				4C26DE5C157296630072A077 /* IRTextFormFieldCellTests.m in Sources */,
				4C26DE6515729A160072A077 /* IRTextFormFieldTests.m in Sources */,
				4CCDE36B157B9D6A005CB018 /* IRDateFormField.m in Sources */,
				4CCDE36C157B9D6F005CB018 /* IRForm.m in Sources */,
				4CCDE36D157B9D73005CB018 /* IRFormField.m in Sources */,
				4CCDE370157B9D7C005CB018 /* IRFormFieldCell.m in Sources */,
				4CCDE371157B9D82005CB018 /* IRFormSection.m in Sources */,
				4CCDE372157B9D88005CB018 /* IRFormViewController.m in Sources */,
				4CCDE373157B9D8C005CB018 /* IRLabelFormField.m in Sources */,
				4CCDE375157B9D93005CB018 /* IRLabelFormFieldCell.m in Sources */,
				4CCDE376157B9D97005CB018 /* IRNumberFormField.m in Sources */,
				4CCDE377157B9D9C005CB018 /* IRPickerFormField.m in Sources */,
				4CCDE378157B9DA2005CB018 /* IRTextFormField.m in Sources */,
				4CCDE37A157B9DAA005CB018 /* IRTextFormFieldCell.m in Sources */,
			);
			runOnlyForDeploymentPostprocessing = 0;
		};
/* End PBXSourcesBuildPhase section */

/* Begin PBXVariantGroup section */
		4C35DA6C15693BB4008A54FE /* InfoPlist.strings */ = {
			isa = PBXVariantGroup;
			children = (
				4C35DA6D15693BB4008A54FE /* en */,
			);
			name = InfoPlist.strings;
			sourceTree = "<group>";
		};
		4CCDE2E2157A6629005CB018 /* InfoPlist.strings */ = {
			isa = PBXVariantGroup;
			children = (
				4CCDE2E3157A6629005CB018 /* en */,
			);
			name = InfoPlist.strings;
			sourceTree = "<group>";
		};
		4CDC9DE51567FB860043AC98 /* InfoPlist.strings */ = {
			isa = PBXVariantGroup;
			children = (
				4CDC9DE61567FB860043AC98 /* en */,
			);
			name = InfoPlist.strings;
			sourceTree = "<group>";
		};
/* End PBXVariantGroup section */

/* Begin XCBuildConfiguration section */
		4C35DA7615693BB4008A54FE /* Debug */ = {
			isa = XCBuildConfiguration;
			buildSettings = {
				"CODE_SIGN_IDENTITY[sdk=iphoneos*]" = "iPhone Developer";
				GCC_PRECOMPILE_PREFIX_HEADER = YES;
				GCC_PREFIX_HEADER = "FormsSample/FormsSample-Prefix.pch";
				INFOPLIST_FILE = "FormsSample/FormsSample-Info.plist";
				PRODUCT_NAME = "$(TARGET_NAME)";
				TARGETED_DEVICE_FAMILY = "1,2";
				WRAPPER_EXTENSION = app;
			};
			name = Debug;
		};
		4C35DA7715693BB4008A54FE /* Release */ = {
			isa = XCBuildConfiguration;
			buildSettings = {
				"CODE_SIGN_IDENTITY[sdk=iphoneos*]" = "iPhone Developer";
				GCC_PRECOMPILE_PREFIX_HEADER = YES;
				GCC_PREFIX_HEADER = "FormsSample/FormsSample-Prefix.pch";
				INFOPLIST_FILE = "FormsSample/FormsSample-Info.plist";
				OTHER_CFLAGS = "-DNS_BLOCK_ASSERTIONS=1";
				PRODUCT_NAME = "$(TARGET_NAME)";
				TARGETED_DEVICE_FAMILY = "1,2";
				WRAPPER_EXTENSION = app;
			};
			name = Release;
		};
		4CCDE2E6157A6629005CB018 /* Debug */ = {
			isa = XCBuildConfiguration;
			buildSettings = {
				ARCHS = (
					armv6,
					"$(ARCHS_STANDARD_32_BIT)",
				);
				DYLIB_COMPATIBILITY_VERSION = 1;
				DYLIB_CURRENT_VERSION = 1;
				FRAMEWORK_VERSION = A;
				GCC_PRECOMPILE_PREFIX_HEADER = YES;
				GCC_PREFIX_HEADER = "IRForms/IRForms-Prefix.pch";
				INFOPLIST_FILE = "IRForms/IRForms-Info.plist";
				PRODUCT_NAME = "$(TARGET_NAME)";
				SKIP_INSTALL = YES;
				WRAPPER_EXTENSION = framework;
			};
			name = Debug;
		};
		4CCDE2E7157A6629005CB018 /* Release */ = {
			isa = XCBuildConfiguration;
			buildSettings = {
				ARCHS = (
					armv6,
					"$(ARCHS_STANDARD_32_BIT)",
				);
				DYLIB_COMPATIBILITY_VERSION = 1;
				DYLIB_CURRENT_VERSION = 1;
				FRAMEWORK_VERSION = A;
				GCC_PRECOMPILE_PREFIX_HEADER = YES;
				GCC_PREFIX_HEADER = "IRForms/IRForms-Prefix.pch";
				INFOPLIST_FILE = "IRForms/IRForms-Info.plist";
				PRODUCT_NAME = "$(TARGET_NAME)";
				SKIP_INSTALL = YES;
				WRAPPER_EXTENSION = framework;
			};
			name = Release;
		};
		4CDC9DD21567FB350043AC98 /* Debug */ = {
			isa = XCBuildConfiguration;
			buildSettings = {
				ALWAYS_SEARCH_USER_PATHS = NO;
				ARCHS = "$(ARCHS_STANDARD_32_BIT)";
				CLANG_ENABLE_OBJC_ARC = YES;
				COPY_PHASE_STRIP = NO;
				GCC_C_LANGUAGE_STANDARD = gnu99;
				GCC_DYNAMIC_NO_PIC = NO;
				GCC_OPTIMIZATION_LEVEL = 0;
				GCC_PREPROCESSOR_DEFINITIONS = (
					"DEBUG=1",
					"$(inherited)",
				);
				GCC_SYMBOLS_PRIVATE_EXTERN = NO;
				GCC_VERSION = com.apple.compilers.llvm.clang.1_0;
				GCC_WARN_ABOUT_RETURN_TYPE = YES;
				GCC_WARN_UNINITIALIZED_AUTOS = YES;
				GCC_WARN_UNUSED_VARIABLE = YES;
				IPHONEOS_DEPLOYMENT_TARGET = 5.1;
				SDKROOT = iphoneos;
			};
			name = Debug;
		};
		4CDC9DD31567FB350043AC98 /* Release */ = {
			isa = XCBuildConfiguration;
			buildSettings = {
				ALWAYS_SEARCH_USER_PATHS = NO;
				ARCHS = "$(ARCHS_STANDARD_32_BIT)";
				CLANG_ENABLE_OBJC_ARC = YES;
				COPY_PHASE_STRIP = YES;
				GCC_C_LANGUAGE_STANDARD = gnu99;
				GCC_VERSION = com.apple.compilers.llvm.clang.1_0;
				GCC_WARN_ABOUT_RETURN_TYPE = YES;
				GCC_WARN_UNINITIALIZED_AUTOS = YES;
				GCC_WARN_UNUSED_VARIABLE = YES;
				IPHONEOS_DEPLOYMENT_TARGET = 5.1;
				SDKROOT = iphoneos;
				VALIDATE_PRODUCT = YES;
			};
			name = Release;
		};
		4CDC9DEF1567FB860043AC98 /* Debug */ = {
			isa = XCBuildConfiguration;
			buildSettings = {
				"CODE_SIGN_IDENTITY[sdk=iphoneos*]" = "iPhone Developer";
				FRAMEWORK_SEARCH_PATHS = (
					"$(inherited)",
					"\"$(SRCROOT)/../../lib\"",
				);
				GCC_PRECOMPILE_PREFIX_HEADER = YES;
				GCC_PREFIX_HEADER = "ios-forms-unit-tests/ios-forms-unit-tests-Prefix.pch";
				HEADER_SEARCH_PATHS = "$(SRCROOT)/../../lib/OCMock";
				INFOPLIST_FILE = "ios-forms-unit-tests/ios-forms-unit-tests-Info.plist";
				LIBRARY_SEARCH_PATHS = (
					"$(inherited)",
					"\"$(SRCROOT)/../../lib/OCMock\"",
				);
				OTHER_LDFLAGS = (
					"-ObjC",
					"-all_load",
				);
				PRODUCT_NAME = "$(TARGET_NAME)";
				TARGETED_DEVICE_FAMILY = "1,2";
				WRAPPER_EXTENSION = app;
			};
			name = Debug;
		};
		4CDC9DF01567FB860043AC98 /* Release */ = {
			isa = XCBuildConfiguration;
			buildSettings = {
				"CODE_SIGN_IDENTITY[sdk=iphoneos*]" = "iPhone Developer";
				FRAMEWORK_SEARCH_PATHS = (
					"$(inherited)",
					"\"$(SRCROOT)/../../lib\"",
				);
				GCC_PRECOMPILE_PREFIX_HEADER = YES;
				GCC_PREFIX_HEADER = "ios-forms-unit-tests/ios-forms-unit-tests-Prefix.pch";
				HEADER_SEARCH_PATHS = "$(SRCROOT)/../../lib/OCMock";
				INFOPLIST_FILE = "ios-forms-unit-tests/ios-forms-unit-tests-Info.plist";
				LIBRARY_SEARCH_PATHS = (
					"$(inherited)",
					"\"$(SRCROOT)/../../lib/OCMock\"",
				);
				OTHER_CFLAGS = "-DNS_BLOCK_ASSERTIONS=1";
				OTHER_LDFLAGS = (
					"-ObjC",
					"-all_load",
				);
				PRODUCT_NAME = "$(TARGET_NAME)";
				TARGETED_DEVICE_FAMILY = "1,2";
				WRAPPER_EXTENSION = app;
			};
			name = Release;
		};
/* End XCBuildConfiguration section */

/* Begin XCConfigurationList section */
		4C35DA7515693BB4008A54FE /* Build configuration list for PBXNativeTarget "FormsSample" */ = {
			isa = XCConfigurationList;
			buildConfigurations = (
				4C35DA7615693BB4008A54FE /* Debug */,
				4C35DA7715693BB4008A54FE /* Release */,
			);
			defaultConfigurationIsVisible = 0;
			defaultConfigurationName = Release;
		};
		4CCDE2E8157A6629005CB018 /* Build configuration list for PBXNativeTarget "IRForms" */ = {
			isa = XCConfigurationList;
			buildConfigurations = (
				4CCDE2E6157A6629005CB018 /* Debug */,
				4CCDE2E7157A6629005CB018 /* Release */,
			);
			defaultConfigurationIsVisible = 0;
			defaultConfigurationName = Release;
		};
		4CDC9DC11567FB350043AC98 /* Build configuration list for PBXProject "ios-forms" */ = {
			isa = XCConfigurationList;
			buildConfigurations = (
				4CDC9DD21567FB350043AC98 /* Debug */,
				4CDC9DD31567FB350043AC98 /* Release */,
			);
			defaultConfigurationIsVisible = 0;
			defaultConfigurationName = Release;
		};
		4CDC9DEE1567FB860043AC98 /* Build configuration list for PBXNativeTarget "ios-forms-unit-tests" */ = {
			isa = XCConfigurationList;
			buildConfigurations = (
				4CDC9DEF1567FB860043AC98 /* Debug */,
				4CDC9DF01567FB860043AC98 /* Release */,
			);
			defaultConfigurationIsVisible = 0;
			defaultConfigurationName = Release;
		};
/* End XCConfigurationList section */
	};
	rootObject = 4CDC9DBE1567FB350043AC98 /* Project object */;
}
