// !$*UTF8*$!
{
	archiveVersion = 1;
	classes = {
	};
	objectVersion = 46;
	objects = {

/* Begin PBXBuildFile section */
		4C35DA4215686056008A54FE /* IRFormViewControllerTests.m in Sources */ = {isa = PBXBuildFile; fileRef = 4C35DA4015686056008A54FE /* IRFormViewControllerTests.m */; };
		4C35DA46156860B5008A54FE /* IRFormViewController.h in Headers */ = {isa = PBXBuildFile; fileRef = 4C35DA44156860B5008A54FE /* IRFormViewController.h */; settings = {ATTRIBUTES = (Public, ); }; };
		4C35DA48156860B5008A54FE /* IRFormViewController.m in Sources */ = {isa = PBXBuildFile; fileRef = 4C35DA45156860B5008A54FE /* IRFormViewController.m */; };
		4C35DA49156860B5008A54FE /* IRFormViewController.m in Sources */ = {isa = PBXBuildFile; fileRef = 4C35DA45156860B5008A54FE /* IRFormViewController.m */; };
		4C35DA4C15686271008A54FE /* IRFormTests.m in Sources */ = {isa = PBXBuildFile; fileRef = 4C35DA4B15686271008A54FE /* IRFormTests.m */; };
		4C35DA4F156862AF008A54FE /* IRForm.h in Headers */ = {isa = PBXBuildFile; fileRef = 4C35DA4D156862AF008A54FE /* IRForm.h */; settings = {ATTRIBUTES = (Public, ); }; };
		4C35DA50156862AF008A54FE /* IRForm.m in Sources */ = {isa = PBXBuildFile; fileRef = 4C35DA4E156862AF008A54FE /* IRForm.m */; };
		4C35DA51156862AF008A54FE /* IRForm.m in Sources */ = {isa = PBXBuildFile; fileRef = 4C35DA4E156862AF008A54FE /* IRForm.m */; };
		4C35DA5415686310008A54FE /* IRFormSectionTests.m in Sources */ = {isa = PBXBuildFile; fileRef = 4C35DA5315686310008A54FE /* IRFormSectionTests.m */; };
		4C35DA571568634E008A54FE /* IRFormSection.h in Headers */ = {isa = PBXBuildFile; fileRef = 4C35DA551568634E008A54FE /* IRFormSection.h */; settings = {ATTRIBUTES = (Public, ); }; };
		4C35DA581568634E008A54FE /* IRFormSection.m in Sources */ = {isa = PBXBuildFile; fileRef = 4C35DA561568634E008A54FE /* IRFormSection.m */; };
		4C35DA591568634E008A54FE /* IRFormSection.m in Sources */ = {isa = PBXBuildFile; fileRef = 4C35DA561568634E008A54FE /* IRFormSection.m */; };
		4C35DA5B1568786C008A54FE /* TestForm.plist in Resources */ = {isa = PBXBuildFile; fileRef = 4C35DA5A1568786C008A54FE /* TestForm.plist */; };
		4C35DA5D15687891008A54FE /* TestSection.plist in Resources */ = {isa = PBXBuildFile; fileRef = 4C35DA5C15687891008A54FE /* TestSection.plist */; };
		4CDC9DCB1567FB350043AC98 /* Foundation.framework in Frameworks */ = {isa = PBXBuildFile; fileRef = 4CDC9DCA1567FB350043AC98 /* Foundation.framework */; };
		4CDC9DDE1567FB860043AC98 /* UIKit.framework in Frameworks */ = {isa = PBXBuildFile; fileRef = 4CDC9DDD1567FB860043AC98 /* UIKit.framework */; };
		4CDC9DDF1567FB860043AC98 /* Foundation.framework in Frameworks */ = {isa = PBXBuildFile; fileRef = 4CDC9DCA1567FB350043AC98 /* Foundation.framework */; };
		4CDC9DE11567FB860043AC98 /* CoreGraphics.framework in Frameworks */ = {isa = PBXBuildFile; fileRef = 4CDC9DE01567FB860043AC98 /* CoreGraphics.framework */; };
		4CDC9DE71567FB860043AC98 /* InfoPlist.strings in Resources */ = {isa = PBXBuildFile; fileRef = 4CDC9DE51567FB860043AC98 /* InfoPlist.strings */; };
		4CDC9DE91567FB860043AC98 /* main.m in Sources */ = {isa = PBXBuildFile; fileRef = 4CDC9DE81567FB860043AC98 /* main.m */; };
		4CDC9DF21567FBEE0043AC98 /* GHUnitIOS.framework in Frameworks */ = {isa = PBXBuildFile; fileRef = 4CDC9DF11567FBEE0043AC98 /* GHUnitIOS.framework */; };
		4CDC9DF515683E4E0043AC98 /* IRFormFieldTests.m in Sources */ = {isa = PBXBuildFile; fileRef = 4CDC9DF415683E4E0043AC98 /* IRFormFieldTests.m */; };
		4CDC9DF815683F220043AC98 /* IRFormField.h in Headers */ = {isa = PBXBuildFile; fileRef = 4CDC9DF615683F220043AC98 /* IRFormField.h */; settings = {ATTRIBUTES = (Public, ); }; };
		4CDC9DF915683F220043AC98 /* IRFormField.m in Sources */ = {isa = PBXBuildFile; fileRef = 4CDC9DF715683F220043AC98 /* IRFormField.m */; };
		4CDC9DFA15683F220043AC98 /* IRFormField.m in Sources */ = {isa = PBXBuildFile; fileRef = 4CDC9DF715683F220043AC98 /* IRFormField.m */; };
		4CDC9DFE1568461D0043AC98 /* TestField.plist in Resources */ = {isa = PBXBuildFile; fileRef = 4CDC9DFD1568461D0043AC98 /* TestField.plist */; };
/* End PBXBuildFile section */

/* Begin PBXFileReference section */
		4C35DA4015686056008A54FE /* IRFormViewControllerTests.m */ = {isa = PBXFileReference; fileEncoding = 4; lastKnownFileType = sourcecode.c.objc; path = IRFormViewControllerTests.m; sourceTree = "<group>"; };
		4C35DA44156860B5008A54FE /* IRFormViewController.h */ = {isa = PBXFileReference; fileEncoding = 4; lastKnownFileType = sourcecode.c.h; path = IRFormViewController.h; sourceTree = "<group>"; };
		4C35DA45156860B5008A54FE /* IRFormViewController.m */ = {isa = PBXFileReference; fileEncoding = 4; lastKnownFileType = sourcecode.c.objc; path = IRFormViewController.m; sourceTree = "<group>"; };
		4C35DA4B15686271008A54FE /* IRFormTests.m */ = {isa = PBXFileReference; fileEncoding = 4; lastKnownFileType = sourcecode.c.objc; path = IRFormTests.m; sourceTree = "<group>"; };
		4C35DA4D156862AF008A54FE /* IRForm.h */ = {isa = PBXFileReference; fileEncoding = 4; lastKnownFileType = sourcecode.c.h; path = IRForm.h; sourceTree = "<group>"; };
		4C35DA4E156862AF008A54FE /* IRForm.m */ = {isa = PBXFileReference; fileEncoding = 4; lastKnownFileType = sourcecode.c.objc; path = IRForm.m; sourceTree = "<group>"; };
		4C35DA5315686310008A54FE /* IRFormSectionTests.m */ = {isa = PBXFileReference; fileEncoding = 4; lastKnownFileType = sourcecode.c.objc; path = IRFormSectionTests.m; sourceTree = "<group>"; };
		4C35DA551568634E008A54FE /* IRFormSection.h */ = {isa = PBXFileReference; fileEncoding = 4; lastKnownFileType = sourcecode.c.h; path = IRFormSection.h; sourceTree = "<group>"; };
		4C35DA561568634E008A54FE /* IRFormSection.m */ = {isa = PBXFileReference; fileEncoding = 4; lastKnownFileType = sourcecode.c.objc; path = IRFormSection.m; sourceTree = "<group>"; };
		4C35DA5A1568786C008A54FE /* TestForm.plist */ = {isa = PBXFileReference; fileEncoding = 4; lastKnownFileType = text.plist.xml; path = TestForm.plist; sourceTree = "<group>"; };
		4C35DA5C15687891008A54FE /* TestSection.plist */ = {isa = PBXFileReference; fileEncoding = 4; lastKnownFileType = text.plist.xml; path = TestSection.plist; sourceTree = "<group>"; };
		4CDC9DC71567FB350043AC98 /* libios-forms.a */ = {isa = PBXFileReference; explicitFileType = archive.ar; includeInIndex = 0; path = "libios-forms.a"; sourceTree = BUILT_PRODUCTS_DIR; };
		4CDC9DCA1567FB350043AC98 /* Foundation.framework */ = {isa = PBXFileReference; lastKnownFileType = wrapper.framework; name = Foundation.framework; path = System/Library/Frameworks/Foundation.framework; sourceTree = SDKROOT; };
		4CDC9DCE1567FB350043AC98 /* ios-forms-Prefix.pch */ = {isa = PBXFileReference; lastKnownFileType = sourcecode.c.h; path = "ios-forms-Prefix.pch"; sourceTree = "<group>"; };
		4CDC9DDB1567FB860043AC98 /* ios-forms-unit-tests.app */ = {isa = PBXFileReference; explicitFileType = wrapper.application; includeInIndex = 0; path = "ios-forms-unit-tests.app"; sourceTree = BUILT_PRODUCTS_DIR; };
		4CDC9DDD1567FB860043AC98 /* UIKit.framework */ = {isa = PBXFileReference; lastKnownFileType = wrapper.framework; name = UIKit.framework; path = System/Library/Frameworks/UIKit.framework; sourceTree = SDKROOT; };
		4CDC9DE01567FB860043AC98 /* CoreGraphics.framework */ = {isa = PBXFileReference; lastKnownFileType = wrapper.framework; name = CoreGraphics.framework; path = System/Library/Frameworks/CoreGraphics.framework; sourceTree = SDKROOT; };
		4CDC9DE41567FB860043AC98 /* ios-forms-unit-tests-Info.plist */ = {isa = PBXFileReference; lastKnownFileType = text.plist.xml; path = "ios-forms-unit-tests-Info.plist"; sourceTree = "<group>"; };
		4CDC9DE61567FB860043AC98 /* en */ = {isa = PBXFileReference; lastKnownFileType = text.plist.strings; name = en; path = en.lproj/InfoPlist.strings; sourceTree = "<group>"; };
		4CDC9DE81567FB860043AC98 /* main.m */ = {isa = PBXFileReference; lastKnownFileType = sourcecode.c.objc; path = main.m; sourceTree = "<group>"; };
		4CDC9DEA1567FB860043AC98 /* ios-forms-unit-tests-Prefix.pch */ = {isa = PBXFileReference; lastKnownFileType = sourcecode.c.h; path = "ios-forms-unit-tests-Prefix.pch"; sourceTree = "<group>"; };
		4CDC9DF11567FBEE0043AC98 /* GHUnitIOS.framework */ = {isa = PBXFileReference; lastKnownFileType = wrapper.framework; name = GHUnitIOS.framework; path = ../../lib/GHUnitIOS.framework; sourceTree = "<group>"; };
		4CDC9DF415683E4E0043AC98 /* IRFormFieldTests.m */ = {isa = PBXFileReference; fileEncoding = 4; lastKnownFileType = sourcecode.c.objc; path = IRFormFieldTests.m; sourceTree = "<group>"; };
		4CDC9DF615683F220043AC98 /* IRFormField.h */ = {isa = PBXFileReference; fileEncoding = 4; lastKnownFileType = sourcecode.c.h; path = IRFormField.h; sourceTree = "<group>"; };
		4CDC9DF715683F220043AC98 /* IRFormField.m */ = {isa = PBXFileReference; fileEncoding = 4; lastKnownFileType = sourcecode.c.objc; path = IRFormField.m; sourceTree = "<group>"; };
		4CDC9DFD1568461D0043AC98 /* TestField.plist */ = {isa = PBXFileReference; fileEncoding = 4; lastKnownFileType = text.plist.xml; path = TestField.plist; sourceTree = "<group>"; };
/* End PBXFileReference section */

/* Begin PBXFrameworksBuildPhase section */
		4CDC9DC41567FB350043AC98 /* Frameworks */ = {
			isa = PBXFrameworksBuildPhase;
			buildActionMask = 2147483647;
			files = (
				4CDC9DCB1567FB350043AC98 /* Foundation.framework in Frameworks */,
			);
			runOnlyForDeploymentPostprocessing = 0;
		};
		4CDC9DD81567FB860043AC98 /* Frameworks */ = {
			isa = PBXFrameworksBuildPhase;
			buildActionMask = 2147483647;
			files = (
				4CDC9DDE1567FB860043AC98 /* UIKit.framework in Frameworks */,
				4CDC9DDF1567FB860043AC98 /* Foundation.framework in Frameworks */,
				4CDC9DE11567FB860043AC98 /* CoreGraphics.framework in Frameworks */,
				4CDC9DF21567FBEE0043AC98 /* GHUnitIOS.framework in Frameworks */,
			);
			runOnlyForDeploymentPostprocessing = 0;
		};
/* End PBXFrameworksBuildPhase section */

/* Begin PBXGroup section */
		4CDC9DBC1567FB350043AC98 = {
			isa = PBXGroup;
			children = (
				4CDC9DCC1567FB350043AC98 /* ios-forms */,
				4CDC9DE21567FB860043AC98 /* ios-forms-unit-tests */,
				4CDC9DC91567FB350043AC98 /* Frameworks */,
				4CDC9DC81567FB350043AC98 /* Products */,
			);
			sourceTree = "<group>";
		};
		4CDC9DC81567FB350043AC98 /* Products */ = {
			isa = PBXGroup;
			children = (
				4CDC9DC71567FB350043AC98 /* libios-forms.a */,
				4CDC9DDB1567FB860043AC98 /* ios-forms-unit-tests.app */,
			);
			name = Products;
			sourceTree = "<group>";
		};
		4CDC9DC91567FB350043AC98 /* Frameworks */ = {
			isa = PBXGroup;
			children = (
				4CDC9DF11567FBEE0043AC98 /* GHUnitIOS.framework */,
				4CDC9DCA1567FB350043AC98 /* Foundation.framework */,
				4CDC9DDD1567FB860043AC98 /* UIKit.framework */,
				4CDC9DE01567FB860043AC98 /* CoreGraphics.framework */,
			);
			name = Frameworks;
			sourceTree = "<group>";
		};
		4CDC9DCC1567FB350043AC98 /* ios-forms */ = {
			isa = PBXGroup;
			children = (
				4CDC9DCD1567FB350043AC98 /* Supporting Files */,
				4CDC9DF615683F220043AC98 /* IRFormField.h */,
				4CDC9DF715683F220043AC98 /* IRFormField.m */,
				4C35DA44156860B5008A54FE /* IRFormViewController.h */,
				4C35DA45156860B5008A54FE /* IRFormViewController.m */,
				4C35DA4D156862AF008A54FE /* IRForm.h */,
				4C35DA4E156862AF008A54FE /* IRForm.m */,
				4C35DA551568634E008A54FE /* IRFormSection.h */,
				4C35DA561568634E008A54FE /* IRFormSection.m */,
			);
			path = "ios-forms";
			sourceTree = "<group>";
		};
		4CDC9DCD1567FB350043AC98 /* Supporting Files */ = {
			isa = PBXGroup;
			children = (
				4CDC9DCE1567FB350043AC98 /* ios-forms-Prefix.pch */,
			);
			name = "Supporting Files";
			sourceTree = "<group>";
		};
		4CDC9DE21567FB860043AC98 /* ios-forms-unit-tests */ = {
			isa = PBXGroup;
			children = (
				4CDC9DE31567FB860043AC98 /* Supporting Files */,
				4CDC9DF415683E4E0043AC98 /* IRFormFieldTests.m */,
				4CDC9DFD1568461D0043AC98 /* TestField.plist */,
				4C35DA4015686056008A54FE /* IRFormViewControllerTests.m */,
				4C35DA4B15686271008A54FE /* IRFormTests.m */,
				4C35DA5315686310008A54FE /* IRFormSectionTests.m */,
				4C35DA5A1568786C008A54FE /* TestForm.plist */,
				4C35DA5C15687891008A54FE /* TestSection.plist */,
			);
			path = "ios-forms-unit-tests";
			sourceTree = "<group>";
		};
		4CDC9DE31567FB860043AC98 /* Supporting Files */ = {
			isa = PBXGroup;
			children = (
				4CDC9DE41567FB860043AC98 /* ios-forms-unit-tests-Info.plist */,
				4CDC9DE51567FB860043AC98 /* InfoPlist.strings */,
				4CDC9DE81567FB860043AC98 /* main.m */,
				4CDC9DEA1567FB860043AC98 /* ios-forms-unit-tests-Prefix.pch */,
			);
			name = "Supporting Files";
			sourceTree = "<group>";
		};
/* End PBXGroup section */

/* Begin PBXHeadersBuildPhase section */
		4CDC9DC51567FB350043AC98 /* Headers */ = {
			isa = PBXHeadersBuildPhase;
			buildActionMask = 2147483647;
			files = (
				4CDC9DF815683F220043AC98 /* IRFormField.h in Headers */,
				4C35DA46156860B5008A54FE /* IRFormViewController.h in Headers */,
				4C35DA4F156862AF008A54FE /* IRForm.h in Headers */,
				4C35DA571568634E008A54FE /* IRFormSection.h in Headers */,
			);
			runOnlyForDeploymentPostprocessing = 0;
		};
/* End PBXHeadersBuildPhase section */

/* Begin PBXNativeTarget section */
		4CDC9DC61567FB350043AC98 /* ios-forms */ = {
			isa = PBXNativeTarget;
			buildConfigurationList = 4CDC9DD41567FB350043AC98 /* Build configuration list for PBXNativeTarget "ios-forms" */;
			buildPhases = (
				4CDC9DC31567FB350043AC98 /* Sources */,
				4CDC9DC41567FB350043AC98 /* Frameworks */,
				4CDC9DC51567FB350043AC98 /* Headers */,
			);
			buildRules = (
			);
			dependencies = (
			);
			name = "ios-forms";
			productName = "ios-forms";
			productReference = 4CDC9DC71567FB350043AC98 /* libios-forms.a */;
			productType = "com.apple.product-type.library.static";
		};
		4CDC9DDA1567FB860043AC98 /* ios-forms-unit-tests */ = {
			isa = PBXNativeTarget;
			buildConfigurationList = 4CDC9DEE1567FB860043AC98 /* Build configuration list for PBXNativeTarget "ios-forms-unit-tests" */;
			buildPhases = (
				4CDC9DD71567FB860043AC98 /* Sources */,
				4CDC9DD81567FB860043AC98 /* Frameworks */,
				4CDC9DD91567FB860043AC98 /* Resources */,
			);
			buildRules = (
			);
			dependencies = (
			);
			name = "ios-forms-unit-tests";
			productName = "ios-forms-unit-tests";
			productReference = 4CDC9DDB1567FB860043AC98 /* ios-forms-unit-tests.app */;
			productType = "com.apple.product-type.application";
		};
/* End PBXNativeTarget section */

/* Begin PBXProject section */
		4CDC9DBE1567FB350043AC98 /* Project object */ = {
			isa = PBXProject;
			attributes = {
				LastUpgradeCheck = 0430;
				ORGANIZATIONNAME = "ImaginaryRealities, LLC";
			};
			buildConfigurationList = 4CDC9DC11567FB350043AC98 /* Build configuration list for PBXProject "ios-forms" */;
			compatibilityVersion = "Xcode 3.2";
			developmentRegion = English;
			hasScannedForEncodings = 0;
			knownRegions = (
				en,
			);
			mainGroup = 4CDC9DBC1567FB350043AC98;
			productRefGroup = 4CDC9DC81567FB350043AC98 /* Products */;
			projectDirPath = "";
			projectRoot = "";
			targets = (
				4CDC9DC61567FB350043AC98 /* ios-forms */,
				4CDC9DDA1567FB860043AC98 /* ios-forms-unit-tests */,
			);
		};
/* End PBXProject section */

/* Begin PBXResourcesBuildPhase section */
		4CDC9DD91567FB860043AC98 /* Resources */ = {
			isa = PBXResourcesBuildPhase;
			buildActionMask = 2147483647;
			files = (
				4CDC9DE71567FB860043AC98 /* InfoPlist.strings in Resources */,
				4CDC9DFE1568461D0043AC98 /* TestField.plist in Resources */,
				4C35DA5B1568786C008A54FE /* TestForm.plist in Resources */,
				4C35DA5D15687891008A54FE /* TestSection.plist in Resources */,
			);
			runOnlyForDeploymentPostprocessing = 0;
		};
/* End PBXResourcesBuildPhase section */

/* Begin PBXSourcesBuildPhase section */
		4CDC9DC31567FB350043AC98 /* Sources */ = {
			isa = PBXSourcesBuildPhase;
			buildActionMask = 2147483647;
			files = (
				4CDC9DF915683F220043AC98 /* IRFormField.m in Sources */,
				4C35DA48156860B5008A54FE /* IRFormViewController.m in Sources */,
				4C35DA50156862AF008A54FE /* IRForm.m in Sources */,
				4C35DA581568634E008A54FE /* IRFormSection.m in Sources */,
			);
			runOnlyForDeploymentPostprocessing = 0;
		};
		4CDC9DD71567FB860043AC98 /* Sources */ = {
			isa = PBXSourcesBuildPhase;
			buildActionMask = 2147483647;
			files = (
				4CDC9DE91567FB860043AC98 /* main.m in Sources */,
				4CDC9DF515683E4E0043AC98 /* IRFormFieldTests.m in Sources */,
				4CDC9DFA15683F220043AC98 /* IRFormField.m in Sources */,
				4C35DA4215686056008A54FE /* IRFormViewControllerTests.m in Sources */,
				4C35DA49156860B5008A54FE /* IRFormViewController.m in Sources */,
				4C35DA4C15686271008A54FE /* IRFormTests.m in Sources */,
				4C35DA51156862AF008A54FE /* IRForm.m in Sources */,
				4C35DA5415686310008A54FE /* IRFormSectionTests.m in Sources */,
				4C35DA591568634E008A54FE /* IRFormSection.m in Sources */,
			);
			runOnlyForDeploymentPostprocessing = 0;
		};
/* End PBXSourcesBuildPhase section */

/* Begin PBXVariantGroup section */
		4CDC9DE51567FB860043AC98 /* InfoPlist.strings */ = {
			isa = PBXVariantGroup;
			children = (
				4CDC9DE61567FB860043AC98 /* en */,
			);
			name = InfoPlist.strings;
			sourceTree = "<group>";
		};
/* End PBXVariantGroup section */

/* Begin XCBuildConfiguration section */
		4CDC9DD21567FB350043AC98 /* Debug */ = {
			isa = XCBuildConfiguration;
			buildSettings = {
				ALWAYS_SEARCH_USER_PATHS = NO;
				ARCHS = "$(ARCHS_STANDARD_32_BIT)";
				CLANG_ENABLE_OBJC_ARC = YES;
				COPY_PHASE_STRIP = NO;
				GCC_C_LANGUAGE_STANDARD = gnu99;
				GCC_DYNAMIC_NO_PIC = NO;
				GCC_OPTIMIZATION_LEVEL = 0;
				GCC_PREPROCESSOR_DEFINITIONS = (
					"DEBUG=1",
					"$(inherited)",
				);
				GCC_SYMBOLS_PRIVATE_EXTERN = NO;
				GCC_VERSION = com.apple.compilers.llvm.clang.1_0;
				GCC_WARN_ABOUT_RETURN_TYPE = YES;
				GCC_WARN_UNINITIALIZED_AUTOS = YES;
				GCC_WARN_UNUSED_VARIABLE = YES;
				IPHONEOS_DEPLOYMENT_TARGET = 5.1;
				SDKROOT = iphoneos;
			};
			name = Debug;
		};
		4CDC9DD31567FB350043AC98 /* Release */ = {
			isa = XCBuildConfiguration;
			buildSettings = {
				ALWAYS_SEARCH_USER_PATHS = NO;
				ARCHS = "$(ARCHS_STANDARD_32_BIT)";
				CLANG_ENABLE_OBJC_ARC = YES;
				COPY_PHASE_STRIP = YES;
				GCC_C_LANGUAGE_STANDARD = gnu99;
				GCC_VERSION = com.apple.compilers.llvm.clang.1_0;
				GCC_WARN_ABOUT_RETURN_TYPE = YES;
				GCC_WARN_UNINITIALIZED_AUTOS = YES;
				GCC_WARN_UNUSED_VARIABLE = YES;
				IPHONEOS_DEPLOYMENT_TARGET = 5.1;
				SDKROOT = iphoneos;
				VALIDATE_PRODUCT = YES;
			};
			name = Release;
		};
		4CDC9DD51567FB350043AC98 /* Debug */ = {
			isa = XCBuildConfiguration;
			buildSettings = {
				DSTROOT = /tmp/ios_forms.dst;
				GCC_PRECOMPILE_PREFIX_HEADER = YES;
				GCC_PREFIX_HEADER = "ios-forms/ios-forms-Prefix.pch";
				OTHER_LDFLAGS = "-ObjC";
				PRODUCT_NAME = "$(TARGET_NAME)";
				SKIP_INSTALL = YES;
			};
			name = Debug;
		};
		4CDC9DD61567FB350043AC98 /* Release */ = {
			isa = XCBuildConfiguration;
			buildSettings = {
				DSTROOT = /tmp/ios_forms.dst;
				GCC_PRECOMPILE_PREFIX_HEADER = YES;
				GCC_PREFIX_HEADER = "ios-forms/ios-forms-Prefix.pch";
				OTHER_LDFLAGS = "-ObjC";
				PRODUCT_NAME = "$(TARGET_NAME)";
				SKIP_INSTALL = YES;
			};
			name = Release;
		};
		4CDC9DEF1567FB860043AC98 /* Debug */ = {
			isa = XCBuildConfiguration;
			buildSettings = {
				"CODE_SIGN_IDENTITY[sdk=iphoneos*]" = "iPhone Developer";
				FRAMEWORK_SEARCH_PATHS = (
					"$(inherited)",
					"\"$(SRCROOT)/../../lib\"",
				);
				GCC_PRECOMPILE_PREFIX_HEADER = YES;
				GCC_PREFIX_HEADER = "ios-forms-unit-tests/ios-forms-unit-tests-Prefix.pch";
				INFOPLIST_FILE = "ios-forms-unit-tests/ios-forms-unit-tests-Info.plist";
				OTHER_LDFLAGS = (
					"-ObjC",
					"-all_load",
				);
				PRODUCT_NAME = "$(TARGET_NAME)";
				TARGETED_DEVICE_FAMILY = "1,2";
				WRAPPER_EXTENSION = app;
			};
			name = Debug;
		};
		4CDC9DF01567FB860043AC98 /* Release */ = {
			isa = XCBuildConfiguration;
			buildSettings = {
				"CODE_SIGN_IDENTITY[sdk=iphoneos*]" = "iPhone Developer";
				FRAMEWORK_SEARCH_PATHS = (
					"$(inherited)",
					"\"$(SRCROOT)/../../lib\"",
				);
				GCC_PRECOMPILE_PREFIX_HEADER = YES;
				GCC_PREFIX_HEADER = "ios-forms-unit-tests/ios-forms-unit-tests-Prefix.pch";
				INFOPLIST_FILE = "ios-forms-unit-tests/ios-forms-unit-tests-Info.plist";
				OTHER_CFLAGS = "-DNS_BLOCK_ASSERTIONS=1";
				OTHER_LDFLAGS = (
					"-ObjC",
					"-all_load",
				);
				PRODUCT_NAME = "$(TARGET_NAME)";
				TARGETED_DEVICE_FAMILY = "1,2";
				WRAPPER_EXTENSION = app;
			};
			name = Release;
		};
/* End XCBuildConfiguration section */

/* Begin XCConfigurationList section */
		4CDC9DC11567FB350043AC98 /* Build configuration list for PBXProject "ios-forms" */ = {
			isa = XCConfigurationList;
			buildConfigurations = (
				4CDC9DD21567FB350043AC98 /* Debug */,
				4CDC9DD31567FB350043AC98 /* Release */,
			);
			defaultConfigurationIsVisible = 0;
			defaultConfigurationName = Release;
		};
		4CDC9DD41567FB350043AC98 /* Build configuration list for PBXNativeTarget "ios-forms" */ = {
			isa = XCConfigurationList;
			buildConfigurations = (
				4CDC9DD51567FB350043AC98 /* Debug */,
				4CDC9DD61567FB350043AC98 /* Release */,
			);
			defaultConfigurationIsVisible = 0;
			defaultConfigurationName = Release;
		};
		4CDC9DEE1567FB860043AC98 /* Build configuration list for PBXNativeTarget "ios-forms-unit-tests" */ = {
			isa = XCConfigurationList;
			buildConfigurations = (
				4CDC9DEF1567FB860043AC98 /* Debug */,
				4CDC9DF01567FB860043AC98 /* Release */,
			);
			defaultConfigurationIsVisible = 0;
			defaultConfigurationName = Release;
		};
/* End XCConfigurationList section */
	};
	rootObject = 4CDC9DBE1567FB350043AC98 /* Project object */;
}
